// !$*UTF8*$!
{
	archiveVersion = 1;
	classes = {
	};
	objectVersion = 46;
	objects = {

/* Begin PBXBuildFile section */
		A701AF4B1473FC9A0027DDF2 /* ZPNavigatorNode.m in Sources */ = {isa = PBXBuildFile; fileRef = A701AF4A1473FC9A0027DDF2 /* ZPNavigatorNode.m */; };
		A7200DD514718DC0004347C9 /* UIKit.framework in Frameworks */ = {isa = PBXBuildFile; fileRef = A7200DD414718DC0004347C9 /* UIKit.framework */; };
		A7200DD714718DC0004347C9 /* Foundation.framework in Frameworks */ = {isa = PBXBuildFile; fileRef = A7200DD614718DC0004347C9 /* Foundation.framework */; };
		A7200DD914718DC0004347C9 /* CoreGraphics.framework in Frameworks */ = {isa = PBXBuildFile; fileRef = A7200DD814718DC0004347C9 /* CoreGraphics.framework */; };
		A7200DDF14718DC0004347C9 /* InfoPlist.strings in Resources */ = {isa = PBXBuildFile; fileRef = A7200DDD14718DC0004347C9 /* InfoPlist.strings */; };
		A7200DE114718DC0004347C9 /* main.m in Sources */ = {isa = PBXBuildFile; fileRef = A7200DE014718DC0004347C9 /* main.m */; };
		A7200DE514718DC0004347C9 /* ZPAppDelegate.m in Sources */ = {isa = PBXBuildFile; fileRef = A7200DE414718DC0004347C9 /* ZPAppDelegate.m */; };
		A7200DE814718DC1004347C9 /* MainStoryboard_iPad.storyboard in Resources */ = {isa = PBXBuildFile; fileRef = A7200DE614718DC1004347C9 /* MainStoryboard_iPad.storyboard */; };
		A7200DEB14718DC1004347C9 /* ZPMasterViewController.m in Sources */ = {isa = PBXBuildFile; fileRef = A7200DEA14718DC1004347C9 /* ZPMasterViewController.m */; };
		A7200DEE14718DC1004347C9 /* ZPDetailViewController.m in Sources */ = {isa = PBXBuildFile; fileRef = A7200DED14718DC1004347C9 /* ZPDetailViewController.m */; };
		A7200DF614718F44004347C9 /* ZPDataLayer.m in Sources */ = {isa = PBXBuildFile; fileRef = A7200DF514718F44004347C9 /* ZPDataLayer.m */; };
		A7200DF8147193C0004347C9 /* libsqlite3.dylib in Frameworks */ = {isa = PBXBuildFile; fileRef = A7200DF7147193C0004347C9 /* libsqlite3.dylib */; };
		A74D95F01475ACAB002AE78D /* storage in Resources */ = {isa = PBXBuildFile; fileRef = A74D95EE1475ACAB002AE78D /* storage */; };
		A74D95F11475ACAB002AE78D /* zotero.sqlite in Resources */ = {isa = PBXBuildFile; fileRef = A74D95EF1475ACAB002AE78D /* zotero.sqlite */; };
		A786F7781476A56200B35B92 /* MainStoryboard_iPhone.storyboard in Resources */ = {isa = PBXBuildFile; fileRef = A786F7771476A56200B35B92 /* MainStoryboard_iPhone.storyboard */; };
/* End PBXBuildFile section */

/* Begin PBXFileReference section */
		A701AF491473FC9A0027DDF2 /* ZPNavigatorNode.h */ = {isa = PBXFileReference; fileEncoding = 4; lastKnownFileType = sourcecode.c.h; path = ZPNavigatorNode.h; sourceTree = "<group>"; };
		A701AF4A1473FC9A0027DDF2 /* ZPNavigatorNode.m */ = {isa = PBXFileReference; fileEncoding = 4; lastKnownFileType = sourcecode.c.objc; path = ZPNavigatorNode.m; sourceTree = "<group>"; };
		A7200DD014718DC0004347C9 /* ZotPad.app */ = {isa = PBXFileReference; explicitFileType = wrapper.application; includeInIndex = 0; path = ZotPad.app; sourceTree = BUILT_PRODUCTS_DIR; };
		A7200DD414718DC0004347C9 /* UIKit.framework */ = {isa = PBXFileReference; lastKnownFileType = wrapper.framework; name = UIKit.framework; path = System/Library/Frameworks/UIKit.framework; sourceTree = SDKROOT; };
		A7200DD614718DC0004347C9 /* Foundation.framework */ = {isa = PBXFileReference; lastKnownFileType = wrapper.framework; name = Foundation.framework; path = System/Library/Frameworks/Foundation.framework; sourceTree = SDKROOT; };
		A7200DD814718DC0004347C9 /* CoreGraphics.framework */ = {isa = PBXFileReference; lastKnownFileType = wrapper.framework; name = CoreGraphics.framework; path = System/Library/Frameworks/CoreGraphics.framework; sourceTree = SDKROOT; };
		A7200DDC14718DC0004347C9 /* ZotPad-Info.plist */ = {isa = PBXFileReference; lastKnownFileType = text.plist.xml; path = "ZotPad-Info.plist"; sourceTree = "<group>"; };
		A7200DDE14718DC0004347C9 /* en */ = {isa = PBXFileReference; lastKnownFileType = text.plist.strings; name = en; path = en.lproj/InfoPlist.strings; sourceTree = "<group>"; };
		A7200DE014718DC0004347C9 /* main.m */ = {isa = PBXFileReference; lastKnownFileType = sourcecode.c.objc; path = main.m; sourceTree = "<group>"; };
		A7200DE214718DC0004347C9 /* ZotPad-Prefix.pch */ = {isa = PBXFileReference; lastKnownFileType = sourcecode.c.h; path = "ZotPad-Prefix.pch"; sourceTree = "<group>"; };
		A7200DE314718DC0004347C9 /* ZPAppDelegate.h */ = {isa = PBXFileReference; lastKnownFileType = sourcecode.c.h; path = ZPAppDelegate.h; sourceTree = "<group>"; };
		A7200DE414718DC0004347C9 /* ZPAppDelegate.m */ = {isa = PBXFileReference; lastKnownFileType = sourcecode.c.objc; path = ZPAppDelegate.m; sourceTree = "<group>"; };
		A7200DE714718DC1004347C9 /* en */ = {isa = PBXFileReference; lastKnownFileType = file.storyboard; name = en; path = en.lproj/MainStoryboard_iPad.storyboard; sourceTree = "<group>"; };
		A7200DE914718DC1004347C9 /* ZPMasterViewController.h */ = {isa = PBXFileReference; lastKnownFileType = sourcecode.c.h; path = ZPMasterViewController.h; sourceTree = "<group>"; };
		A7200DEA14718DC1004347C9 /* ZPMasterViewController.m */ = {isa = PBXFileReference; lastKnownFileType = sourcecode.c.objc; path = ZPMasterViewController.m; sourceTree = "<group>"; };
		A7200DEC14718DC1004347C9 /* ZPDetailViewController.h */ = {isa = PBXFileReference; lastKnownFileType = sourcecode.c.h; path = ZPDetailViewController.h; sourceTree = "<group>"; };
		A7200DED14718DC1004347C9 /* ZPDetailViewController.m */ = {isa = PBXFileReference; lastKnownFileType = sourcecode.c.objc; path = ZPDetailViewController.m; sourceTree = "<group>"; };
		A7200DF414718F44004347C9 /* ZPDataLayer.h */ = {isa = PBXFileReference; fileEncoding = 4; lastKnownFileType = sourcecode.c.h; path = ZPDataLayer.h; sourceTree = "<group>"; };
		A7200DF514718F44004347C9 /* ZPDataLayer.m */ = {isa = PBXFileReference; fileEncoding = 4; lastKnownFileType = sourcecode.c.objc; path = ZPDataLayer.m; sourceTree = "<group>"; };
		A7200DF7147193C0004347C9 /* libsqlite3.dylib */ = {isa = PBXFileReference; lastKnownFileType = "compiled.mach-o.dylib"; name = libsqlite3.dylib; path = usr/lib/libsqlite3.dylib; sourceTree = SDKROOT; };
		A74D95EE1475ACAB002AE78D /* storage */ = {isa = PBXFileReference; lastKnownFileType = folder; path = storage; sourceTree = "<group>"; };
		A74D95EF1475ACAB002AE78D /* zotero.sqlite */ = {isa = PBXFileReference; lastKnownFileType = file; path = zotero.sqlite; sourceTree = "<group>"; };
		A786F7771476A56200B35B92 /* MainStoryboard_iPhone.storyboard */ = {isa = PBXFileReference; fileEncoding = 4; lastKnownFileType = file.storyboard; path = MainStoryboard_iPhone.storyboard; sourceTree = "<group>"; };
/* End PBXFileReference section */

/* Begin PBXFrameworksBuildPhase section */
		A7200DCD14718DC0004347C9 /* Frameworks */ = {
			isa = PBXFrameworksBuildPhase;
			buildActionMask = 2147483647;
			files = (
				A7200DF8147193C0004347C9 /* libsqlite3.dylib in Frameworks */,
				A7200DD514718DC0004347C9 /* UIKit.framework in Frameworks */,
				A7200DD714718DC0004347C9 /* Foundation.framework in Frameworks */,
				A7200DD914718DC0004347C9 /* CoreGraphics.framework in Frameworks */,
			);
			runOnlyForDeploymentPostprocessing = 0;
		};
/* End PBXFrameworksBuildPhase section */

/* Begin PBXGroup section */
		A7200DC514718DBF004347C9 = {
			isa = PBXGroup;
			children = (
				A7200DDA14718DC0004347C9 /* ZotPad */,
				A7200DD314718DC0004347C9 /* Frameworks */,
				A7200DD114718DC0004347C9 /* Products */,
			);
			sourceTree = "<group>";
		};
		A7200DD114718DC0004347C9 /* Products */ = {
			isa = PBXGroup;
			children = (
				A7200DD014718DC0004347C9 /* ZotPad.app */,
			);
			name = Products;
			sourceTree = "<group>";
		};
		A7200DD314718DC0004347C9 /* Frameworks */ = {
			isa = PBXGroup;
			children = (
				A7200DF7147193C0004347C9 /* libsqlite3.dylib */,
				A7200DD414718DC0004347C9 /* UIKit.framework */,
				A7200DD614718DC0004347C9 /* Foundation.framework */,
				A7200DD814718DC0004347C9 /* CoreGraphics.framework */,
			);
			name = Frameworks;
			sourceTree = "<group>";
		};
		A7200DDA14718DC0004347C9 /* ZotPad */ = {
			isa = PBXGroup;
			children = (
				A7200DE314718DC0004347C9 /* ZPAppDelegate.h */,
				A7200DE414718DC0004347C9 /* ZPAppDelegate.m */,
				A786F7771476A56200B35B92 /* MainStoryboard_iPhone.storyboard */,
				A7200DE614718DC1004347C9 /* MainStoryboard_iPad.storyboard */,
				A7200DE914718DC1004347C9 /* ZPMasterViewController.h */,
				A7200DEA14718DC1004347C9 /* ZPMasterViewController.m */,
				A7200DEC14718DC1004347C9 /* ZPDetailViewController.h */,
				A7200DED14718DC1004347C9 /* ZPDetailViewController.m */,
				A7200DF414718F44004347C9 /* ZPDataLayer.h */,
				A7200DF514718F44004347C9 /* ZPDataLayer.m */,
				A701AF491473FC9A0027DDF2 /* ZPNavigatorNode.h */,
				A701AF4A1473FC9A0027DDF2 /* ZPNavigatorNode.m */,
				A7200DDB14718DC0004347C9 /* Supporting Files */,
			);
			path = ZotPad;
			sourceTree = "<group>";
		};
		A7200DDB14718DC0004347C9 /* Supporting Files */ = {
			isa = PBXGroup;
			children = (
				A74D95EE1475ACAB002AE78D /* storage */,
				A74D95EF1475ACAB002AE78D /* zotero.sqlite */,
				A7200DDC14718DC0004347C9 /* ZotPad-Info.plist */,
				A7200DDD14718DC0004347C9 /* InfoPlist.strings */,
				A7200DE014718DC0004347C9 /* main.m */,
				A7200DE214718DC0004347C9 /* ZotPad-Prefix.pch */,
			);
			name = "Supporting Files";
			sourceTree = "<group>";
		};
/* End PBXGroup section */

/* Begin PBXNativeTarget section */
		A7200DCF14718DC0004347C9 /* ZotPad */ = {
			isa = PBXNativeTarget;
			buildConfigurationList = A7200DF114718DC1004347C9 /* Build configuration list for PBXNativeTarget "ZotPad" */;
			buildPhases = (
				A7200DCC14718DC0004347C9 /* Sources */,
				A7200DCD14718DC0004347C9 /* Frameworks */,
				A7200DCE14718DC0004347C9 /* Resources */,
			);
			buildRules = (
			);
			dependencies = (
			);
			name = ZotPad;
			productName = ZotPad;
			productReference = A7200DD014718DC0004347C9 /* ZotPad.app */;
			productType = "com.apple.product-type.application";
		};
/* End PBXNativeTarget section */

/* Begin PBXProject section */
		A7200DC714718DBF004347C9 /* Project object */ = {
			isa = PBXProject;
			attributes = {
				LastUpgradeCheck = 0420;
			};
			buildConfigurationList = A7200DCA14718DBF004347C9 /* Build configuration list for PBXProject "ZotPad" */;
			compatibilityVersion = "Xcode 3.2";
			developmentRegion = English;
			hasScannedForEncodings = 0;
			knownRegions = (
				en,
			);
			mainGroup = A7200DC514718DBF004347C9;
			productRefGroup = A7200DD114718DC0004347C9 /* Products */;
			projectDirPath = "";
			projectRoot = "";
			targets = (
				A7200DCF14718DC0004347C9 /* ZotPad */,
			);
		};
/* End PBXProject section */

/* Begin PBXResourcesBuildPhase section */
		A7200DCE14718DC0004347C9 /* Resources */ = {
			isa = PBXResourcesBuildPhase;
			buildActionMask = 2147483647;
			files = (
				A7200DDF14718DC0004347C9 /* InfoPlist.strings in Resources */,
				A7200DE814718DC1004347C9 /* MainStoryboard_iPad.storyboard in Resources */,
				A74D95F01475ACAB002AE78D /* storage in Resources */,
				A74D95F11475ACAB002AE78D /* zotero.sqlite in Resources */,
				A786F7781476A56200B35B92 /* MainStoryboard_iPhone.storyboard in Resources */,
			);
			runOnlyForDeploymentPostprocessing = 0;
		};
/* End PBXResourcesBuildPhase section */

/* Begin PBXSourcesBuildPhase section */
		A7200DCC14718DC0004347C9 /* Sources */ = {
			isa = PBXSourcesBuildPhase;
			buildActionMask = 2147483647;
			files = (
				A7200DE114718DC0004347C9 /* main.m in Sources */,
				A7200DE514718DC0004347C9 /* ZPAppDelegate.m in Sources */,
				A7200DEB14718DC1004347C9 /* ZPMasterViewController.m in Sources */,
				A7200DEE14718DC1004347C9 /* ZPDetailViewController.m in Sources */,
				A7200DF614718F44004347C9 /* ZPDataLayer.m in Sources */,
				A701AF4B1473FC9A0027DDF2 /* ZPNavigatorNode.m in Sources */,
			);
			runOnlyForDeploymentPostprocessing = 0;
		};
/* End PBXSourcesBuildPhase section */

/* Begin PBXVariantGroup section */
		A7200DDD14718DC0004347C9 /* InfoPlist.strings */ = {
			isa = PBXVariantGroup;
			children = (
				A7200DDE14718DC0004347C9 /* en */,
			);
			name = InfoPlist.strings;
			sourceTree = "<group>";
		};
		A7200DE614718DC1004347C9 /* MainStoryboard_iPad.storyboard */ = {
			isa = PBXVariantGroup;
			children = (
				A7200DE714718DC1004347C9 /* en */,
			);
			name = MainStoryboard_iPad.storyboard;
			sourceTree = "<group>";
		};
/* End PBXVariantGroup section */

/* Begin XCBuildConfiguration section */
		A7200DEF14718DC1004347C9 /* Debug */ = {
			isa = XCBuildConfiguration;
			buildSettings = {
				ALWAYS_SEARCH_USER_PATHS = NO;
				ARCHS = "$(ARCHS_STANDARD_32_BIT)";
				CLANG_ENABLE_OBJC_ARC = YES;
				"CODE_SIGN_IDENTITY[sdk=iphoneos*]" = "iPhone Developer";
				COPY_PHASE_STRIP = NO;
				GCC_C_LANGUAGE_STANDARD = gnu99;
				GCC_DYNAMIC_NO_PIC = NO;
				GCC_OPTIMIZATION_LEVEL = 0;
				GCC_PREPROCESSOR_DEFINITIONS = (
					"DEBUG=1",
					"$(inherited)",
				);
				GCC_SYMBOLS_PRIVATE_EXTERN = NO;
				GCC_VERSION = com.apple.compilers.llvm.clang.1_0;
				GCC_WARN_ABOUT_MISSING_PROTOTYPES = YES;
				GCC_WARN_ABOUT_RETURN_TYPE = YES;
				GCC_WARN_UNUSED_VARIABLE = YES;
				IPHONEOS_DEPLOYMENT_TARGET = 5.0;
				SDKROOT = iphoneos;
				TARGETED_DEVICE_FAMILY = 2;
			};
			name = Debug;
		};
		A7200DF014718DC1004347C9 /* Release */ = {
			isa = XCBuildConfiguration;
			buildSettings = {
				ALWAYS_SEARCH_USER_PATHS = NO;
				ARCHS = "$(ARCHS_STANDARD_32_BIT)";
				CLANG_ENABLE_OBJC_ARC = YES;
				"CODE_SIGN_IDENTITY[sdk=iphoneos*]" = "iPhone Developer";
				COPY_PHASE_STRIP = YES;
				GCC_C_LANGUAGE_STANDARD = gnu99;
				GCC_VERSION = com.apple.compilers.llvm.clang.1_0;
				GCC_WARN_ABOUT_MISSING_PROTOTYPES = YES;
				GCC_WARN_ABOUT_RETURN_TYPE = YES;
				GCC_WARN_UNUSED_VARIABLE = YES;
				IPHONEOS_DEPLOYMENT_TARGET = 5.0;
				OTHER_CFLAGS = "-DNS_BLOCK_ASSERTIONS=1";
				SDKROOT = iphoneos;
				TARGETED_DEVICE_FAMILY = 2;
				VALIDATE_PRODUCT = YES;
			};
			name = Release;
		};
		A7200DF214718DC1004347C9 /* Debug */ = {
			isa = XCBuildConfiguration;
			buildSettings = {
				GCC_PRECOMPILE_PREFIX_HEADER = YES;
				GCC_PREFIX_HEADER = "ZotPad/ZotPad-Prefix.pch";
				INFOPLIST_FILE = "ZotPad/ZotPad-Info.plist";
				PRODUCT_NAME = "$(TARGET_NAME)";
				TARGETED_DEVICE_FAMILY = "1,2";
				WRAPPER_EXTENSION = app;
			};
			name = Debug;
		};
		A7200DF314718DC1004347C9 /* Release */ = {
			isa = XCBuildConfiguration;
			buildSettings = {
				GCC_PRECOMPILE_PREFIX_HEADER = YES;
				GCC_PREFIX_HEADER = "ZotPad/ZotPad-Prefix.pch";
				INFOPLIST_FILE = "ZotPad/ZotPad-Info.plist";
				PRODUCT_NAME = "$(TARGET_NAME)";
				TARGETED_DEVICE_FAMILY = "1,2";
				WRAPPER_EXTENSION = app;
			};
			name = Release;
		};
/* End XCBuildConfiguration section */

/* Begin XCConfigurationList section */
		A7200DCA14718DBF004347C9 /* Build configuration list for PBXProject "ZotPad" */ = {
			isa = XCConfigurationList;
			buildConfigurations = (
				A7200DEF14718DC1004347C9 /* Debug */,
				A7200DF014718DC1004347C9 /* Release */,
			);
			defaultConfigurationIsVisible = 0;
			defaultConfigurationName = Release;
		};
		A7200DF114718DC1004347C9 /* Build configuration list for PBXNativeTarget "ZotPad" */ = {
			isa = XCConfigurationList;
			buildConfigurations = (
				A7200DF214718DC1004347C9 /* Debug */,
				A7200DF314718DC1004347C9 /* Release */,
			);
			defaultConfigurationIsVisible = 0;
			defaultConfigurationName = Release;
		};
/* End XCConfigurationList section */
	};
	rootObject = A7200DC714718DBF004347C9 /* Project object */;
}
