// !$*UTF8*$!
{
	archiveVersion = 1;
	classes = {
	};
	objectVersion = 46;
	objects = {

/* Begin PBXBuildFile section */
		3201088596B4756681693705 /* libThree20UICommon.a in Frameworks */ = {isa = PBXBuildFile; fileRef = 3201088596B4756681693704 /* libThree20UICommon.a */; };
		320A2827FEC940B25BC42C65 /* libThree20Core.a in Frameworks */ = {isa = PBXBuildFile; fileRef = 320A2827FEC940B25BC42C64 /* libThree20Core.a */; };
		320A5A189C235877202780D5 /* libThree20Network.a in Frameworks */ = {isa = PBXBuildFile; fileRef = 320A5A189C235877202780D4 /* libThree20Network.a */; };
		320A737074758E53BA54BE95 /* libThree20UINavigator.a in Frameworks */ = {isa = PBXBuildFile; fileRef = 320A737074758E53BA54BE94 /* libThree20UINavigator.a */; };
		320AF8492C47A4D819F7C451 /* QuartzCore.framework in Frameworks */ = {isa = PBXBuildFile; fileRef = 320AF8492C47A4D819F7C450 /* QuartzCore.framework */; };
		320B6C86F11D9990244A9731 /* Three20.bundle in Resources */ = {isa = PBXBuildFile; fileRef = 320B6C86F11D9990244A9730 /* Three20.bundle */; };
		320CC833B8AF0ACFD35E6225 /* libThree20Style.a in Frameworks */ = {isa = PBXBuildFile; fileRef = 320CC833B8AF0ACFD35E6224 /* libThree20Style.a */; };
		320D7DCCE32703ACAB9A45E5 /* libThree20.a in Frameworks */ = {isa = PBXBuildFile; fileRef = 320D7DCCE32703ACAB9A45E4 /* libThree20.a */; };
		320F2C48872C2E2C4DF86205 /* libThree20UI.a in Frameworks */ = {isa = PBXBuildFile; fileRef = 320F2C48872C2E2C4DF86204 /* libThree20UI.a */; };
		A7025019149B0BB1004F2AAB /* ZPDatabase.m in Sources */ = {isa = PBXBuildFile; fileRef = A7025018149B0BB1004F2AAB /* ZPDatabase.m */; };
		A702501D149B33E1004F2AAB /* ZPCacheController.m in Sources */ = {isa = PBXBuildFile; fileRef = A702501C149B33E1004F2AAB /* ZPCacheController.m */; };
		A7025020149C6C3E004F2AAB /* ZPPreferences.m in Sources */ = {isa = PBXBuildFile; fileRef = A702501F149C6C3D004F2AAB /* ZPPreferences.m */; };
		A7025072149C8D8F004F2AAB /* ZPServerResponseXMLParserLibrary.m in Sources */ = {isa = PBXBuildFile; fileRef = A7025071149C8D8F004F2AAB /* ZPServerResponseXMLParserLibrary.m */; };
		A7025075149C8F9A004F2AAB /* ZPServerResponseXMLParserCollection.m in Sources */ = {isa = PBXBuildFile; fileRef = A7025074149C8F9A004F2AAB /* ZPServerResponseXMLParserCollection.m */; };
		A7025078149C91A1004F2AAB /* ZPServerResponseXMLParserItem.m in Sources */ = {isa = PBXBuildFile; fileRef = A7025077149C91A1004F2AAB /* ZPServerResponseXMLParserItem.m */; };
		A716C0371494E9DF00BD6025 /* ZPZoteroAttachment.m in Sources */ = {isa = PBXBuildFile; fileRef = A716C0361494E9DE00BD6025 /* ZPZoteroAttachment.m */; };
		A716C0511495131F00BD6025 /* NSObject+SBJson.m in Sources */ = {isa = PBXBuildFile; fileRef = A716C0391495131E00BD6025 /* NSObject+SBJson.m */; };
		A716C0521495131F00BD6025 /* SBJsonParser.m in Sources */ = {isa = PBXBuildFile; fileRef = A716C03C1495131E00BD6025 /* SBJsonParser.m */; };
		A716C0531495131F00BD6025 /* SBJsonStreamParser.m in Sources */ = {isa = PBXBuildFile; fileRef = A716C03E1495131E00BD6025 /* SBJsonStreamParser.m */; };
		A716C0541495131F00BD6025 /* SBJsonStreamParserAccumulator.m in Sources */ = {isa = PBXBuildFile; fileRef = A716C0401495131E00BD6025 /* SBJsonStreamParserAccumulator.m */; };
		A716C0551495131F00BD6025 /* SBJsonStreamParserAdapter.m in Sources */ = {isa = PBXBuildFile; fileRef = A716C0421495131E00BD6025 /* SBJsonStreamParserAdapter.m */; };
		A716C0561495131F00BD6025 /* SBJsonStreamParserState.m in Sources */ = {isa = PBXBuildFile; fileRef = A716C0441495131E00BD6025 /* SBJsonStreamParserState.m */; };
		A716C0571495131F00BD6025 /* SBJsonStreamWriter.m in Sources */ = {isa = PBXBuildFile; fileRef = A716C0461495131E00BD6025 /* SBJsonStreamWriter.m */; };
		A716C0581495131F00BD6025 /* SBJsonStreamWriterAccumulator.m in Sources */ = {isa = PBXBuildFile; fileRef = A716C0481495131F00BD6025 /* SBJsonStreamWriterAccumulator.m */; };
		A716C0591495131F00BD6025 /* SBJsonStreamWriterState.m in Sources */ = {isa = PBXBuildFile; fileRef = A716C04A1495131F00BD6025 /* SBJsonStreamWriterState.m */; };
		A716C05A1495131F00BD6025 /* SBJsonTokeniser.m in Sources */ = {isa = PBXBuildFile; fileRef = A716C04C1495131F00BD6025 /* SBJsonTokeniser.m */; };
		A716C05B1495131F00BD6025 /* SBJsonUTF8Stream.m in Sources */ = {isa = PBXBuildFile; fileRef = A716C04E1495131F00BD6025 /* SBJsonUTF8Stream.m */; };
		A716C05C1495131F00BD6025 /* SBJsonWriter.m in Sources */ = {isa = PBXBuildFile; fileRef = A716C0501495131F00BD6025 /* SBJsonWriter.m */; };
		A7200DD514718DC0004347C9 /* UIKit.framework in Frameworks */ = {isa = PBXBuildFile; fileRef = A7200DD414718DC0004347C9 /* UIKit.framework */; };
		A7200DD714718DC0004347C9 /* Foundation.framework in Frameworks */ = {isa = PBXBuildFile; fileRef = A7200DD614718DC0004347C9 /* Foundation.framework */; };
		A7200DD914718DC0004347C9 /* CoreGraphics.framework in Frameworks */ = {isa = PBXBuildFile; fileRef = A7200DD814718DC0004347C9 /* CoreGraphics.framework */; };
		A7200DDF14718DC0004347C9 /* InfoPlist.strings in Resources */ = {isa = PBXBuildFile; fileRef = A7200DDD14718DC0004347C9 /* InfoPlist.strings */; };
		A7200DE114718DC0004347C9 /* main.m in Sources */ = {isa = PBXBuildFile; fileRef = A7200DE014718DC0004347C9 /* main.m */; };
		A7200DE514718DC0004347C9 /* ZPAppDelegate.m in Sources */ = {isa = PBXBuildFile; fileRef = A7200DE414718DC0004347C9 /* ZPAppDelegate.m */; };
		A7200DEB14718DC1004347C9 /* ZPLibraryAndCollectionListViewController.m in Sources */ = {isa = PBXBuildFile; fileRef = A7200DEA14718DC1004347C9 /* ZPLibraryAndCollectionListViewController.m */; };
		A7200DEE14718DC1004347C9 /* ZPDetailedItemListViewController.m in Sources */ = {isa = PBXBuildFile; fileRef = A7200DED14718DC1004347C9 /* ZPDetailedItemListViewController.m */; };
		A7200DF614718F44004347C9 /* ZPDataLayer.m in Sources */ = {isa = PBXBuildFile; fileRef = A7200DF514718F44004347C9 /* ZPDataLayer.m */; };
		A7200DF8147193C0004347C9 /* libsqlite3.dylib in Frameworks */ = {isa = PBXBuildFile; fileRef = A7200DF7147193C0004347C9 /* libsqlite3.dylib */; };
		A72853F9147E319700D3FE97 /* ZPZoteroLibrary.m in Sources */ = {isa = PBXBuildFile; fileRef = A72853F8147E319600D3FE97 /* ZPZoteroLibrary.m */; };
		A72853FD147E31B600D3FE97 /* ZPZoteroCollection.m in Sources */ = {isa = PBXBuildFile; fileRef = A72853FC147E31B500D3FE97 /* ZPZoteroCollection.m */; };
		A72C3CA71487C9DA00F6744E /* MainStoryboard_iPad.storyboard in Resources */ = {isa = PBXBuildFile; fileRef = A72C3CA61487C9DA00F6744E /* MainStoryboard_iPad.storyboard */; };
		A73D635114879D15007999F3 /* Settings.bundle in Resources */ = {isa = PBXBuildFile; fileRef = A73D635014879D15007999F3 /* Settings.bundle */; };
		A74348D7147AB37A00DA6FC3 /* ZPAuthenticationDialog.m in Sources */ = {isa = PBXBuildFile; fileRef = A74348D6147AB37A00DA6FC3 /* ZPAuthenticationDialog.m */; };
		A7692D84147D112D000C1A8F /* ZPZoteroItem.m in Sources */ = {isa = PBXBuildFile; fileRef = A7692D83147D112D000C1A8F /* ZPZoteroItem.m */; };
		A776EE7C14908AE20087B8FA /* 72x72.png in Resources */ = {isa = PBXBuildFile; fileRef = A776EE7B14908AE20087B8FA /* 72x72.png */; };
		A776EE7E14908AED0087B8FA /* 57x57.png in Resources */ = {isa = PBXBuildFile; fileRef = A776EE7D14908AED0087B8FA /* 57x57.png */; };
		A776EE8014908AF30087B8FA /* 114x114.png in Resources */ = {isa = PBXBuildFile; fileRef = A776EE7F14908AF30087B8FA /* 114x114.png */; };
		A786F7781476A56200B35B92 /* MainStoryboard_iPhone.storyboard in Resources */ = {isa = PBXBuildFile; fileRef = A786F7771476A56200B35B92 /* MainStoryboard_iPhone.storyboard */; };
		A78B7F13149091B8008303BA /* Default-Landscape~ipad.png in Resources */ = {isa = PBXBuildFile; fileRef = A78B7F12149091B8008303BA /* Default-Landscape~ipad.png */; };
		A78B7F1514909285008303BA /* Default-Portrait~ipad.png in Resources */ = {isa = PBXBuildFile; fileRef = A78B7F1414909285008303BA /* Default-Portrait~ipad.png */; };
		A79299C3149E0CFE000F8B42 /* ZPZoteroItemContainer.m in Sources */ = {isa = PBXBuildFile; fileRef = A79299C2149E0CFE000F8B42 /* ZPZoteroItemContainer.m */; };
		A79ED823148B2683003EE77C /* ZPItemDetailViewController.m in Sources */ = {isa = PBXBuildFile; fileRef = A79ED822148B2683003EE77C /* ZPItemDetailViewController.m */; };
		A79ED82C148B7405003EE77C /* ZPSimpleItemListViewController.m in Sources */ = {isa = PBXBuildFile; fileRef = A79ED82B148B7405003EE77C /* ZPSimpleItemListViewController.m */; };
		A7A3F950147BAB6C00CA7266 /* database.sql in Resources */ = {isa = PBXBuildFile; fileRef = A7A3F94F147BAB6C00CA7266 /* database.sql */; };
		A7A3F953147BBCCB00CA7266 /* ZPServerResponseXMLParser.m in Sources */ = {isa = PBXBuildFile; fileRef = A7A3F952147BBCCA00CA7266 /* ZPServerResponseXMLParser.m */; };
		A7A54B0B14878E4F00EBAD80 /* FMDatabase.m in Sources */ = {isa = PBXBuildFile; fileRef = A7A54B0614878E4F00EBAD80 /* FMDatabase.m */; settings = {COMPILER_FLAGS = "-fno-objc-arc"; }; };
		A7A54B0C14878E4F00EBAD80 /* FMDatabaseAdditions.m in Sources */ = {isa = PBXBuildFile; fileRef = A7A54B0814878E4F00EBAD80 /* FMDatabaseAdditions.m */; settings = {COMPILER_FLAGS = "-fno-objc-arc"; }; };
		A7A54B0D14878E4F00EBAD80 /* FMResultSet.m in Sources */ = {isa = PBXBuildFile; fileRef = A7A54B0A14878E4F00EBAD80 /* FMResultSet.m */; settings = {COMPILER_FLAGS = "-fno-objc-arc"; }; };
		A7A54B1114878EE000EBAD80 /* DSActivityView.m in Sources */ = {isa = PBXBuildFile; fileRef = A7A54B1014878EE000EBAD80 /* DSActivityView.m */; };
		A7A7C9B1147A8144004D8756 /* ZPServerConnection.m in Sources */ = {isa = PBXBuildFile; fileRef = A7A7C9B0147A8144004D8756 /* ZPServerConnection.m */; };
		A7A7C9F8147AA2EE004D8756 /* NSMutableURLRequest+Parameters.m in Sources */ = {isa = PBXBuildFile; fileRef = A7A7C9D0147AA2EE004D8756 /* NSMutableURLRequest+Parameters.m */; settings = {COMPILER_FLAGS = "-fno-objc-arc"; }; };
		A7A7C9F9147AA2EE004D8756 /* NSString+URLEncoding.m in Sources */ = {isa = PBXBuildFile; fileRef = A7A7C9D2147AA2EE004D8756 /* NSString+URLEncoding.m */; settings = {COMPILER_FLAGS = "-fno-objc-arc"; }; };
		A7A7C9FA147AA2EE004D8756 /* NSURL+Base.m in Sources */ = {isa = PBXBuildFile; fileRef = A7A7C9D4147AA2EE004D8756 /* NSURL+Base.m */; settings = {COMPILER_FLAGS = "-fno-objc-arc"; }; };
		A7A7C9FB147AA2EE004D8756 /* Base64Transcoder.c in Sources */ = {isa = PBXBuildFile; fileRef = A7A7C9D6147AA2EE004D8756 /* Base64Transcoder.c */; settings = {COMPILER_FLAGS = "-fno-objc-arc"; }; };
		A7A7C9FC147AA2EE004D8756 /* hmac.c in Sources */ = {isa = PBXBuildFile; fileRef = A7A7C9D8147AA2EE004D8756 /* hmac.c */; settings = {COMPILER_FLAGS = "-fno-objc-arc"; }; };
		A7A7C9FD147AA2EE004D8756 /* sha1.c in Sources */ = {isa = PBXBuildFile; fileRef = A7A7C9DA147AA2EE004D8756 /* sha1.c */; settings = {COMPILER_FLAGS = "-fno-objc-arc"; }; };
		A7A7C9FE147AA2EE004D8756 /* OAAttachment.m in Sources */ = {isa = PBXBuildFile; fileRef = A7A7C9DD147AA2EE004D8756 /* OAAttachment.m */; settings = {COMPILER_FLAGS = "-fno-objc-arc"; }; };
		A7A7C9FF147AA2EE004D8756 /* OACall.m in Sources */ = {isa = PBXBuildFile; fileRef = A7A7C9DF147AA2EE004D8756 /* OACall.m */; settings = {COMPILER_FLAGS = "-fno-objc-arc"; }; };
		A7A7CA00147AA2EE004D8756 /* OAConsumer.m in Sources */ = {isa = PBXBuildFile; fileRef = A7A7C9E1147AA2EE004D8756 /* OAConsumer.m */; settings = {COMPILER_FLAGS = "-fno-objc-arc"; }; };
		A7A7CA01147AA2EE004D8756 /* OADataFetcher.m in Sources */ = {isa = PBXBuildFile; fileRef = A7A7C9E3147AA2EE004D8756 /* OADataFetcher.m */; settings = {COMPILER_FLAGS = "-fno-objc-arc"; }; };
		A7A7CA02147AA2EE004D8756 /* OAHMAC_SHA1SignatureProvider.m in Sources */ = {isa = PBXBuildFile; fileRef = A7A7C9E5147AA2EE004D8756 /* OAHMAC_SHA1SignatureProvider.m */; settings = {COMPILER_FLAGS = "-fno-objc-arc"; }; };
		A7A7CA03147AA2EE004D8756 /* OAMutableURLRequest.m in Sources */ = {isa = PBXBuildFile; fileRef = A7A7C9E7147AA2EE004D8756 /* OAMutableURLRequest.m */; settings = {COMPILER_FLAGS = "-fno-objc-arc"; }; };
		A7A7CA04147AA2EE004D8756 /* OAPlaintextSignatureProvider.m in Sources */ = {isa = PBXBuildFile; fileRef = A7A7C9E9147AA2EE004D8756 /* OAPlaintextSignatureProvider.m */; settings = {COMPILER_FLAGS = "-fno-objc-arc"; }; };
		A7A7CA05147AA2EE004D8756 /* OAProblem.m in Sources */ = {isa = PBXBuildFile; fileRef = A7A7C9EB147AA2EE004D8756 /* OAProblem.m */; settings = {COMPILER_FLAGS = "-fno-objc-arc"; }; };
		A7A7CA06147AA2EE004D8756 /* OARequestParameter.m in Sources */ = {isa = PBXBuildFile; fileRef = A7A7C9ED147AA2EE004D8756 /* OARequestParameter.m */; settings = {COMPILER_FLAGS = "-fno-objc-arc"; }; };
		A7A7CA07147AA2EE004D8756 /* OAServiceTicket.m in Sources */ = {isa = PBXBuildFile; fileRef = A7A7C9EF147AA2EE004D8756 /* OAServiceTicket.m */; settings = {COMPILER_FLAGS = "-fno-objc-arc"; }; };
		A7A7CA09147AA2EE004D8756 /* OAToken.m in Sources */ = {isa = PBXBuildFile; fileRef = A7A7C9F3147AA2EE004D8756 /* OAToken.m */; settings = {COMPILER_FLAGS = "-fno-objc-arc"; }; };
		A7A7CA0A147AA2EE004D8756 /* OATokenManager.m in Sources */ = {isa = PBXBuildFile; fileRef = A7A7C9F5147AA2EE004D8756 /* OATokenManager.m */; settings = {COMPILER_FLAGS = "-fno-objc-arc"; }; };
		A7A7CA0D147AA329004D8756 /* Security.framework in Frameworks */ = {isa = PBXBuildFile; fileRef = A7A7CA0C147AA329004D8756 /* Security.framework */; };
		A7A7CA0F147AA33A004D8756 /* libxml2.dylib in Frameworks */ = {isa = PBXBuildFile; fileRef = A7A7CA0E147AA339004D8756 /* libxml2.dylib */; };
		A7B5180B14880CE700806EED /* ZPAuthenticationProcess.m in Sources */ = {isa = PBXBuildFile; fileRef = A7B5180A14880CE700806EED /* ZPAuthenticationProcess.m */; };
		A7CC252F1493E14E00FDEAF4 /* iCarousel.m in Sources */ = {isa = PBXBuildFile; fileRef = A7CC252C1493E14D00FDEAF4 /* iCarousel.m */; settings = {COMPILER_FLAGS = " -fno-objc-arc"; }; };
/* End PBXBuildFile section */

/* Begin PBXContainerItemProxy section */
		3201088596B4756681693702 /* PBXContainerItemProxy */ = {
			isa = PBXContainerItemProxy;
			containerPortal = 3201088596B4756681693700 /* Three20UICommon.xcodeproj */;
			proxyType = 1;
			remoteGlobalIDString = BEF31F390F352DF5000DE5D2;
			remoteInfo = Three20UICommon;
		};
		3201088596B4756681693706 /* PBXContainerItemProxy */ = {
			isa = PBXContainerItemProxy;
			containerPortal = 3201088596B4756681693700 /* Three20UICommon.xcodeproj */;
			proxyType = 2;
			remoteGlobalIDString = BEF31F3A0F352DF5000DE5D2;
			remoteInfo = Three20UICommon;
		};
		320A2827FEC940B25BC42C62 /* PBXContainerItemProxy */ = {
			isa = PBXContainerItemProxy;
			containerPortal = 320A2827FEC940B25BC42C60 /* Three20Core.xcodeproj */;
			proxyType = 1;
			remoteGlobalIDString = BEF31F390F352DF5000DE5D2;
			remoteInfo = Three20Core;
		};
		320A2827FEC940B25BC42C66 /* PBXContainerItemProxy */ = {
			isa = PBXContainerItemProxy;
			containerPortal = 320A2827FEC940B25BC42C60 /* Three20Core.xcodeproj */;
			proxyType = 2;
			remoteGlobalIDString = BEF31F3A0F352DF5000DE5D2;
			remoteInfo = Three20Core;
		};
		320A5A189C235877202780D2 /* PBXContainerItemProxy */ = {
			isa = PBXContainerItemProxy;
			containerPortal = 320A5A189C235877202780D0 /* Three20Network.xcodeproj */;
			proxyType = 1;
			remoteGlobalIDString = BEF31F390F352DF5000DE5D2;
			remoteInfo = Three20Network;
		};
		320A5A189C235877202780D6 /* PBXContainerItemProxy */ = {
			isa = PBXContainerItemProxy;
			containerPortal = 320A5A189C235877202780D0 /* Three20Network.xcodeproj */;
			proxyType = 2;
			remoteGlobalIDString = BEF31F3A0F352DF5000DE5D2;
			remoteInfo = Three20Network;
		};
		320A737074758E53BA54BE92 /* PBXContainerItemProxy */ = {
			isa = PBXContainerItemProxy;
			containerPortal = 320A737074758E53BA54BE90 /* Three20UINavigator.xcodeproj */;
			proxyType = 1;
			remoteGlobalIDString = BEF31F390F352DF5000DE5D2;
			remoteInfo = Three20UINavigator;
		};
		320A737074758E53BA54BE96 /* PBXContainerItemProxy */ = {
			isa = PBXContainerItemProxy;
			containerPortal = 320A737074758E53BA54BE90 /* Three20UINavigator.xcodeproj */;
			proxyType = 2;
			remoteGlobalIDString = BEF31F3A0F352DF5000DE5D2;
			remoteInfo = Three20UINavigator;
		};
		320CC833B8AF0ACFD35E6222 /* PBXContainerItemProxy */ = {
			isa = PBXContainerItemProxy;
			containerPortal = 320CC833B8AF0ACFD35E6220 /* Three20Style.xcodeproj */;
			proxyType = 1;
			remoteGlobalIDString = BEF31F390F352DF5000DE5D2;
			remoteInfo = Three20Style;
		};
		320CC833B8AF0ACFD35E6226 /* PBXContainerItemProxy */ = {
			isa = PBXContainerItemProxy;
			containerPortal = 320CC833B8AF0ACFD35E6220 /* Three20Style.xcodeproj */;
			proxyType = 2;
			remoteGlobalIDString = BEF31F3A0F352DF5000DE5D2;
			remoteInfo = Three20Style;
		};
		320D7DCCE32703ACAB9A45E2 /* PBXContainerItemProxy */ = {
			isa = PBXContainerItemProxy;
			containerPortal = 320D7DCCE32703ACAB9A45E0 /* Three20.xcodeproj */;
			proxyType = 1;
			remoteGlobalIDString = BEF31F390F352DF5000DE5D2;
			remoteInfo = Three20;
		};
		320D7DCCE32703ACAB9A45E6 /* PBXContainerItemProxy */ = {
			isa = PBXContainerItemProxy;
			containerPortal = 320D7DCCE32703ACAB9A45E0 /* Three20.xcodeproj */;
			proxyType = 2;
			remoteGlobalIDString = BEF31F3A0F352DF5000DE5D2;
			remoteInfo = Three20;
		};
		320F2C48872C2E2C4DF86202 /* PBXContainerItemProxy */ = {
			isa = PBXContainerItemProxy;
			containerPortal = 320F2C48872C2E2C4DF86200 /* Three20UI.xcodeproj */;
			proxyType = 1;
			remoteGlobalIDString = BEF31F390F352DF5000DE5D2;
			remoteInfo = Three20UI;
		};
		320F2C48872C2E2C4DF86206 /* PBXContainerItemProxy */ = {
			isa = PBXContainerItemProxy;
			containerPortal = 320F2C48872C2E2C4DF86200 /* Three20UI.xcodeproj */;
			proxyType = 2;
			remoteGlobalIDString = BEF31F3A0F352DF5000DE5D2;
			remoteInfo = Three20UI;
		};
		A747F6C114877A3200E7BD68 /* PBXContainerItemProxy */ = {
			isa = PBXContainerItemProxy;
			containerPortal = 320D7DCCE32703ACAB9A45E0 /* Three20.xcodeproj */;
			proxyType = 2;
			remoteGlobalIDString = EB9E6C6210B6A8F800DE563C;
			remoteInfo = Three20UnitTests;
		};
		A747F6C414877A3200E7BD68 /* PBXContainerItemProxy */ = {
			isa = PBXContainerItemProxy;
			containerPortal = 320A2827FEC940B25BC42C60 /* Three20Core.xcodeproj */;
			proxyType = 2;
			remoteGlobalIDString = EB9E6C6210B6A8F800DE563C;
			remoteInfo = Three20CoreUnitTests;
		};
		A747F6C714877A3200E7BD68 /* PBXContainerItemProxy */ = {
			isa = PBXContainerItemProxy;
			containerPortal = 320A5A189C235877202780D0 /* Three20Network.xcodeproj */;
			proxyType = 2;
			remoteGlobalIDString = EB9E6C6210B6A8F800DE563C;
			remoteInfo = Three20NetworkUnitTests;
		};
		A747F6CA14877A3200E7BD68 /* PBXContainerItemProxy */ = {
			isa = PBXContainerItemProxy;
			containerPortal = 320CC833B8AF0ACFD35E6220 /* Three20Style.xcodeproj */;
			proxyType = 2;
			remoteGlobalIDString = EB9E6C6210B6A8F800DE563C;
			remoteInfo = Three20StyleUnitTests;
		};
		A747F6CD14877A3200E7BD68 /* PBXContainerItemProxy */ = {
			isa = PBXContainerItemProxy;
			containerPortal = 320F2C48872C2E2C4DF86200 /* Three20UI.xcodeproj */;
			proxyType = 2;
			remoteGlobalIDString = EB9E6C6210B6A8F800DE563C;
			remoteInfo = Three20UIUnitTests;
		};
		A747F6D014877A3200E7BD68 /* PBXContainerItemProxy */ = {
			isa = PBXContainerItemProxy;
			containerPortal = 3201088596B4756681693700 /* Three20UICommon.xcodeproj */;
			proxyType = 2;
			remoteGlobalIDString = EB9E6C6210B6A8F800DE563C;
			remoteInfo = Three20UICommonUnitTests;
		};
		A747F6D314877A3200E7BD68 /* PBXContainerItemProxy */ = {
			isa = PBXContainerItemProxy;
			containerPortal = 320A737074758E53BA54BE90 /* Three20UINavigator.xcodeproj */;
			proxyType = 2;
			remoteGlobalIDString = EB9E6C6210B6A8F800DE563C;
			remoteInfo = Three20UINavigatorUnitTests;
		};
/* End PBXContainerItemProxy section */

/* Begin PBXFileReference section */
		3201088596B4756681693700 /* Three20UICommon.xcodeproj */ = {isa = PBXFileReference; lastKnownFileType = "wrapper.pb-project"; name = Three20UICommon.xcodeproj; path = Three20/src/Three20UICommon/Three20UICommon.xcodeproj; sourceTree = SOURCE_ROOT; };
		320A2827FEC940B25BC42C60 /* Three20Core.xcodeproj */ = {isa = PBXFileReference; lastKnownFileType = "wrapper.pb-project"; name = Three20Core.xcodeproj; path = Three20/src/Three20Core/Three20Core.xcodeproj; sourceTree = SOURCE_ROOT; };
		320A5A189C235877202780D0 /* Three20Network.xcodeproj */ = {isa = PBXFileReference; lastKnownFileType = "wrapper.pb-project"; name = Three20Network.xcodeproj; path = Three20/src/Three20Network/Three20Network.xcodeproj; sourceTree = SOURCE_ROOT; };
		320A737074758E53BA54BE90 /* Three20UINavigator.xcodeproj */ = {isa = PBXFileReference; lastKnownFileType = "wrapper.pb-project"; name = Three20UINavigator.xcodeproj; path = Three20/src/Three20UINavigator/Three20UINavigator.xcodeproj; sourceTree = SOURCE_ROOT; };
		320AF8492C47A4D819F7C450 /* QuartzCore.framework */ = {isa = PBXFileReference; lastKnownFileType = wrapper.frameworks; name = QuartzCore.framework; path = System/Library/Frameworks/QuartzCore.framework; sourceTree = SDKROOT; };
		320B6C86F11D9990244A9730 /* Three20.bundle */ = {isa = PBXFileReference; lastKnownFileType = "wrapper.plug-in"; name = Three20.bundle; path = Three20/src/Three20.bundle; sourceTree = SOURCE_ROOT; };
		320CC833B8AF0ACFD35E6220 /* Three20Style.xcodeproj */ = {isa = PBXFileReference; lastKnownFileType = "wrapper.pb-project"; name = Three20Style.xcodeproj; path = Three20/src/Three20Style/Three20Style.xcodeproj; sourceTree = SOURCE_ROOT; };
		320D7DCCE32703ACAB9A45E0 /* Three20.xcodeproj */ = {isa = PBXFileReference; lastKnownFileType = "wrapper.pb-project"; name = Three20.xcodeproj; path = Three20/src/Three20/Three20.xcodeproj; sourceTree = SOURCE_ROOT; };
		320F2C48872C2E2C4DF86200 /* Three20UI.xcodeproj */ = {isa = PBXFileReference; lastKnownFileType = "wrapper.pb-project"; name = Three20UI.xcodeproj; path = Three20/src/Three20UI/Three20UI.xcodeproj; sourceTree = SOURCE_ROOT; };
		A7025017149B0BB1004F2AAB /* ZPDatabase.h */ = {isa = PBXFileReference; fileEncoding = 4; lastKnownFileType = sourcecode.c.h; path = ZPDatabase.h; sourceTree = "<group>"; };
		A7025018149B0BB1004F2AAB /* ZPDatabase.m */ = {isa = PBXFileReference; fileEncoding = 4; lastKnownFileType = sourcecode.c.objc; path = ZPDatabase.m; sourceTree = "<group>"; };
		A702501A149B2D6D004F2AAB /* ZPLibraryObserver.h */ = {isa = PBXFileReference; fileEncoding = 4; lastKnownFileType = sourcecode.c.h; path = ZPLibraryObserver.h; sourceTree = "<group>"; };
		A702501B149B33E1004F2AAB /* ZPCacheController.h */ = {isa = PBXFileReference; fileEncoding = 4; lastKnownFileType = sourcecode.c.h; path = ZPCacheController.h; sourceTree = "<group>"; };
		A702501C149B33E1004F2AAB /* ZPCacheController.m */ = {isa = PBXFileReference; fileEncoding = 4; lastKnownFileType = sourcecode.c.objc; path = ZPCacheController.m; sourceTree = "<group>"; };
		A702501E149C6C3C004F2AAB /* ZPPreferences.h */ = {isa = PBXFileReference; fileEncoding = 4; lastKnownFileType = sourcecode.c.h; path = ZPPreferences.h; sourceTree = "<group>"; };
		A702501F149C6C3D004F2AAB /* ZPPreferences.m */ = {isa = PBXFileReference; fileEncoding = 4; lastKnownFileType = sourcecode.c.objc; path = ZPPreferences.m; sourceTree = "<group>"; };
		A7025070149C8D8F004F2AAB /* ZPServerResponseXMLParserLibrary.h */ = {isa = PBXFileReference; fileEncoding = 4; lastKnownFileType = sourcecode.c.h; path = ZPServerResponseXMLParserLibrary.h; sourceTree = "<group>"; };
		A7025071149C8D8F004F2AAB /* ZPServerResponseXMLParserLibrary.m */ = {isa = PBXFileReference; fileEncoding = 4; lastKnownFileType = sourcecode.c.objc; path = ZPServerResponseXMLParserLibrary.m; sourceTree = "<group>"; };
		A7025073149C8F9A004F2AAB /* ZPServerResponseXMLParserCollection.h */ = {isa = PBXFileReference; fileEncoding = 4; lastKnownFileType = sourcecode.c.h; path = ZPServerResponseXMLParserCollection.h; sourceTree = "<group>"; };
		A7025074149C8F9A004F2AAB /* ZPServerResponseXMLParserCollection.m */ = {isa = PBXFileReference; fileEncoding = 4; lastKnownFileType = sourcecode.c.objc; path = ZPServerResponseXMLParserCollection.m; sourceTree = "<group>"; };
		A7025076149C91A1004F2AAB /* ZPServerResponseXMLParserItem.h */ = {isa = PBXFileReference; fileEncoding = 4; lastKnownFileType = sourcecode.c.h; path = ZPServerResponseXMLParserItem.h; sourceTree = "<group>"; };
		A7025077149C91A1004F2AAB /* ZPServerResponseXMLParserItem.m */ = {isa = PBXFileReference; fileEncoding = 4; lastKnownFileType = sourcecode.c.objc; path = ZPServerResponseXMLParserItem.m; sourceTree = "<group>"; };
		A716C0351494E9DE00BD6025 /* ZPZoteroAttachment.h */ = {isa = PBXFileReference; fileEncoding = 4; lastKnownFileType = sourcecode.c.h; path = ZPZoteroAttachment.h; sourceTree = "<group>"; };
		A716C0361494E9DE00BD6025 /* ZPZoteroAttachment.m */ = {isa = PBXFileReference; fileEncoding = 4; lastKnownFileType = sourcecode.c.objc; path = ZPZoteroAttachment.m; sourceTree = "<group>"; };
		A716C0381495131E00BD6025 /* NSObject+SBJson.h */ = {isa = PBXFileReference; fileEncoding = 4; lastKnownFileType = sourcecode.c.h; name = "NSObject+SBJson.h"; path = "json-framework/Classes/NSObject+SBJson.h"; sourceTree = "<group>"; };
		A716C0391495131E00BD6025 /* NSObject+SBJson.m */ = {isa = PBXFileReference; fileEncoding = 4; lastKnownFileType = sourcecode.c.objc; name = "NSObject+SBJson.m"; path = "json-framework/Classes/NSObject+SBJson.m"; sourceTree = "<group>"; };
		A716C03A1495131E00BD6025 /* SBJson.h */ = {isa = PBXFileReference; fileEncoding = 4; lastKnownFileType = sourcecode.c.h; name = SBJson.h; path = "json-framework/Classes/SBJson.h"; sourceTree = "<group>"; };
		A716C03B1495131E00BD6025 /* SBJsonParser.h */ = {isa = PBXFileReference; fileEncoding = 4; lastKnownFileType = sourcecode.c.h; name = SBJsonParser.h; path = "json-framework/Classes/SBJsonParser.h"; sourceTree = "<group>"; };
		A716C03C1495131E00BD6025 /* SBJsonParser.m */ = {isa = PBXFileReference; fileEncoding = 4; lastKnownFileType = sourcecode.c.objc; name = SBJsonParser.m; path = "json-framework/Classes/SBJsonParser.m"; sourceTree = "<group>"; };
		A716C03D1495131E00BD6025 /* SBJsonStreamParser.h */ = {isa = PBXFileReference; fileEncoding = 4; lastKnownFileType = sourcecode.c.h; name = SBJsonStreamParser.h; path = "json-framework/Classes/SBJsonStreamParser.h"; sourceTree = "<group>"; };
		A716C03E1495131E00BD6025 /* SBJsonStreamParser.m */ = {isa = PBXFileReference; fileEncoding = 4; lastKnownFileType = sourcecode.c.objc; name = SBJsonStreamParser.m; path = "json-framework/Classes/SBJsonStreamParser.m"; sourceTree = "<group>"; };
		A716C03F1495131E00BD6025 /* SBJsonStreamParserAccumulator.h */ = {isa = PBXFileReference; fileEncoding = 4; lastKnownFileType = sourcecode.c.h; name = SBJsonStreamParserAccumulator.h; path = "json-framework/Classes/SBJsonStreamParserAccumulator.h"; sourceTree = "<group>"; };
		A716C0401495131E00BD6025 /* SBJsonStreamParserAccumulator.m */ = {isa = PBXFileReference; fileEncoding = 4; lastKnownFileType = sourcecode.c.objc; name = SBJsonStreamParserAccumulator.m; path = "json-framework/Classes/SBJsonStreamParserAccumulator.m"; sourceTree = "<group>"; };
		A716C0411495131E00BD6025 /* SBJsonStreamParserAdapter.h */ = {isa = PBXFileReference; fileEncoding = 4; lastKnownFileType = sourcecode.c.h; name = SBJsonStreamParserAdapter.h; path = "json-framework/Classes/SBJsonStreamParserAdapter.h"; sourceTree = "<group>"; };
		A716C0421495131E00BD6025 /* SBJsonStreamParserAdapter.m */ = {isa = PBXFileReference; fileEncoding = 4; lastKnownFileType = sourcecode.c.objc; name = SBJsonStreamParserAdapter.m; path = "json-framework/Classes/SBJsonStreamParserAdapter.m"; sourceTree = "<group>"; };
		A716C0431495131E00BD6025 /* SBJsonStreamParserState.h */ = {isa = PBXFileReference; fileEncoding = 4; lastKnownFileType = sourcecode.c.h; name = SBJsonStreamParserState.h; path = "json-framework/Classes/SBJsonStreamParserState.h"; sourceTree = "<group>"; };
		A716C0441495131E00BD6025 /* SBJsonStreamParserState.m */ = {isa = PBXFileReference; fileEncoding = 4; lastKnownFileType = sourcecode.c.objc; name = SBJsonStreamParserState.m; path = "json-framework/Classes/SBJsonStreamParserState.m"; sourceTree = "<group>"; };
		A716C0451495131E00BD6025 /* SBJsonStreamWriter.h */ = {isa = PBXFileReference; fileEncoding = 4; lastKnownFileType = sourcecode.c.h; name = SBJsonStreamWriter.h; path = "json-framework/Classes/SBJsonStreamWriter.h"; sourceTree = "<group>"; };
		A716C0461495131E00BD6025 /* SBJsonStreamWriter.m */ = {isa = PBXFileReference; fileEncoding = 4; lastKnownFileType = sourcecode.c.objc; name = SBJsonStreamWriter.m; path = "json-framework/Classes/SBJsonStreamWriter.m"; sourceTree = "<group>"; };
		A716C0471495131E00BD6025 /* SBJsonStreamWriterAccumulator.h */ = {isa = PBXFileReference; fileEncoding = 4; lastKnownFileType = sourcecode.c.h; name = SBJsonStreamWriterAccumulator.h; path = "json-framework/Classes/SBJsonStreamWriterAccumulator.h"; sourceTree = "<group>"; };
		A716C0481495131F00BD6025 /* SBJsonStreamWriterAccumulator.m */ = {isa = PBXFileReference; fileEncoding = 4; lastKnownFileType = sourcecode.c.objc; name = SBJsonStreamWriterAccumulator.m; path = "json-framework/Classes/SBJsonStreamWriterAccumulator.m"; sourceTree = "<group>"; };
		A716C0491495131F00BD6025 /* SBJsonStreamWriterState.h */ = {isa = PBXFileReference; fileEncoding = 4; lastKnownFileType = sourcecode.c.h; name = SBJsonStreamWriterState.h; path = "json-framework/Classes/SBJsonStreamWriterState.h"; sourceTree = "<group>"; };
		A716C04A1495131F00BD6025 /* SBJsonStreamWriterState.m */ = {isa = PBXFileReference; fileEncoding = 4; lastKnownFileType = sourcecode.c.objc; name = SBJsonStreamWriterState.m; path = "json-framework/Classes/SBJsonStreamWriterState.m"; sourceTree = "<group>"; };
		A716C04B1495131F00BD6025 /* SBJsonTokeniser.h */ = {isa = PBXFileReference; fileEncoding = 4; lastKnownFileType = sourcecode.c.h; name = SBJsonTokeniser.h; path = "json-framework/Classes/SBJsonTokeniser.h"; sourceTree = "<group>"; };
		A716C04C1495131F00BD6025 /* SBJsonTokeniser.m */ = {isa = PBXFileReference; fileEncoding = 4; lastKnownFileType = sourcecode.c.objc; name = SBJsonTokeniser.m; path = "json-framework/Classes/SBJsonTokeniser.m"; sourceTree = "<group>"; };
		A716C04D1495131F00BD6025 /* SBJsonUTF8Stream.h */ = {isa = PBXFileReference; fileEncoding = 4; lastKnownFileType = sourcecode.c.h; name = SBJsonUTF8Stream.h; path = "json-framework/Classes/SBJsonUTF8Stream.h"; sourceTree = "<group>"; };
		A716C04E1495131F00BD6025 /* SBJsonUTF8Stream.m */ = {isa = PBXFileReference; fileEncoding = 4; lastKnownFileType = sourcecode.c.objc; name = SBJsonUTF8Stream.m; path = "json-framework/Classes/SBJsonUTF8Stream.m"; sourceTree = "<group>"; };
		A716C04F1495131F00BD6025 /* SBJsonWriter.h */ = {isa = PBXFileReference; fileEncoding = 4; lastKnownFileType = sourcecode.c.h; name = SBJsonWriter.h; path = "json-framework/Classes/SBJsonWriter.h"; sourceTree = "<group>"; };
		A716C0501495131F00BD6025 /* SBJsonWriter.m */ = {isa = PBXFileReference; fileEncoding = 4; lastKnownFileType = sourcecode.c.objc; name = SBJsonWriter.m; path = "json-framework/Classes/SBJsonWriter.m"; sourceTree = "<group>"; };
		A7200DD014718DC0004347C9 /* ZotPad.app */ = {isa = PBXFileReference; explicitFileType = wrapper.application; includeInIndex = 0; path = ZotPad.app; sourceTree = BUILT_PRODUCTS_DIR; };
		A7200DD414718DC0004347C9 /* UIKit.framework */ = {isa = PBXFileReference; lastKnownFileType = wrapper.framework; name = UIKit.framework; path = System/Library/Frameworks/UIKit.framework; sourceTree = SDKROOT; };
		A7200DD614718DC0004347C9 /* Foundation.framework */ = {isa = PBXFileReference; lastKnownFileType = wrapper.framework; name = Foundation.framework; path = System/Library/Frameworks/Foundation.framework; sourceTree = SDKROOT; };
		A7200DD814718DC0004347C9 /* CoreGraphics.framework */ = {isa = PBXFileReference; lastKnownFileType = wrapper.framework; name = CoreGraphics.framework; path = System/Library/Frameworks/CoreGraphics.framework; sourceTree = SDKROOT; };
		A7200DDC14718DC0004347C9 /* ZotPad-Info.plist */ = {isa = PBXFileReference; lastKnownFileType = text.plist.xml; path = "ZotPad-Info.plist"; sourceTree = "<group>"; };
		A7200DDE14718DC0004347C9 /* en */ = {isa = PBXFileReference; lastKnownFileType = text.plist.strings; name = en; path = en.lproj/InfoPlist.strings; sourceTree = "<group>"; };
		A7200DE014718DC0004347C9 /* main.m */ = {isa = PBXFileReference; lastKnownFileType = sourcecode.c.objc; path = main.m; sourceTree = "<group>"; };
		A7200DE214718DC0004347C9 /* ZotPad-Prefix.pch */ = {isa = PBXFileReference; lastKnownFileType = sourcecode.c.h; path = "ZotPad-Prefix.pch"; sourceTree = "<group>"; };
		A7200DE314718DC0004347C9 /* ZPAppDelegate.h */ = {isa = PBXFileReference; lastKnownFileType = sourcecode.c.h; path = ZPAppDelegate.h; sourceTree = "<group>"; };
		A7200DE414718DC0004347C9 /* ZPAppDelegate.m */ = {isa = PBXFileReference; lastKnownFileType = sourcecode.c.objc; path = ZPAppDelegate.m; sourceTree = "<group>"; };
		A7200DE914718DC1004347C9 /* ZPLibraryAndCollectionListViewController.h */ = {isa = PBXFileReference; lastKnownFileType = sourcecode.c.h; path = ZPLibraryAndCollectionListViewController.h; sourceTree = "<group>"; };
		A7200DEA14718DC1004347C9 /* ZPLibraryAndCollectionListViewController.m */ = {isa = PBXFileReference; lastKnownFileType = sourcecode.c.objc; path = ZPLibraryAndCollectionListViewController.m; sourceTree = "<group>"; };
		A7200DEC14718DC1004347C9 /* ZPDetailedItemListViewController.h */ = {isa = PBXFileReference; lastKnownFileType = sourcecode.c.h; path = ZPDetailedItemListViewController.h; sourceTree = "<group>"; };
		A7200DED14718DC1004347C9 /* ZPDetailedItemListViewController.m */ = {isa = PBXFileReference; lastKnownFileType = sourcecode.c.objc; path = ZPDetailedItemListViewController.m; sourceTree = "<group>"; };
		A7200DF414718F44004347C9 /* ZPDataLayer.h */ = {isa = PBXFileReference; fileEncoding = 4; lastKnownFileType = sourcecode.c.h; path = ZPDataLayer.h; sourceTree = "<group>"; };
		A7200DF514718F44004347C9 /* ZPDataLayer.m */ = {isa = PBXFileReference; fileEncoding = 4; lastKnownFileType = sourcecode.c.objc; path = ZPDataLayer.m; sourceTree = "<group>"; };
		A7200DF7147193C0004347C9 /* libsqlite3.dylib */ = {isa = PBXFileReference; lastKnownFileType = "compiled.mach-o.dylib"; name = libsqlite3.dylib; path = usr/lib/libsqlite3.dylib; sourceTree = SDKROOT; };
		A72853F7147E319600D3FE97 /* ZPZoteroLibrary.h */ = {isa = PBXFileReference; fileEncoding = 4; lastKnownFileType = sourcecode.c.h; path = ZPZoteroLibrary.h; sourceTree = "<group>"; };
		A72853F8147E319600D3FE97 /* ZPZoteroLibrary.m */ = {isa = PBXFileReference; fileEncoding = 4; lastKnownFileType = sourcecode.c.objc; path = ZPZoteroLibrary.m; sourceTree = "<group>"; };
		A72853FB147E31B500D3FE97 /* ZPZoteroCollection.h */ = {isa = PBXFileReference; fileEncoding = 4; lastKnownFileType = sourcecode.c.h; path = ZPZoteroCollection.h; sourceTree = "<group>"; };
		A72853FC147E31B500D3FE97 /* ZPZoteroCollection.m */ = {isa = PBXFileReference; fileEncoding = 4; lastKnownFileType = sourcecode.c.objc; path = ZPZoteroCollection.m; sourceTree = "<group>"; };
		A72C3CA61487C9DA00F6744E /* MainStoryboard_iPad.storyboard */ = {isa = PBXFileReference; fileEncoding = 4; lastKnownFileType = file.storyboard; path = MainStoryboard_iPad.storyboard; sourceTree = "<group>"; };
		A73D635014879D15007999F3 /* Settings.bundle */ = {isa = PBXFileReference; explicitFileType = wrapper.application; name = Settings.bundle; path = ../Settings.bundle; sourceTree = "<group>"; };
		A74348D5147AB37A00DA6FC3 /* ZPAuthenticationDialog.h */ = {isa = PBXFileReference; fileEncoding = 4; lastKnownFileType = sourcecode.c.h; path = ZPAuthenticationDialog.h; sourceTree = "<group>"; };
		A74348D6147AB37A00DA6FC3 /* ZPAuthenticationDialog.m */ = {isa = PBXFileReference; fileEncoding = 4; lastKnownFileType = sourcecode.c.objc; path = ZPAuthenticationDialog.m; sourceTree = "<group>"; };
		A7692D82147D112D000C1A8F /* ZPZoteroItem.h */ = {isa = PBXFileReference; fileEncoding = 4; lastKnownFileType = sourcecode.c.h; path = ZPZoteroItem.h; sourceTree = "<group>"; };
		A7692D83147D112D000C1A8F /* ZPZoteroItem.m */ = {isa = PBXFileReference; fileEncoding = 4; lastKnownFileType = sourcecode.c.objc; path = ZPZoteroItem.m; sourceTree = "<group>"; };
		A776EE7B14908AE20087B8FA /* 72x72.png */ = {isa = PBXFileReference; lastKnownFileType = image.png; name = 72x72.png; path = ../Icons/72x72.png; sourceTree = "<group>"; };
		A776EE7D14908AED0087B8FA /* 57x57.png */ = {isa = PBXFileReference; lastKnownFileType = image.png; name = 57x57.png; path = ../Icons/57x57.png; sourceTree = "<group>"; };
		A776EE7F14908AF30087B8FA /* 114x114.png */ = {isa = PBXFileReference; lastKnownFileType = image.png; name = 114x114.png; path = ../Icons/114x114.png; sourceTree = "<group>"; };
		A786F7771476A56200B35B92 /* MainStoryboard_iPhone.storyboard */ = {isa = PBXFileReference; fileEncoding = 4; lastKnownFileType = file.storyboard; path = MainStoryboard_iPhone.storyboard; sourceTree = "<group>"; };
		A78B7F12149091B8008303BA /* Default-Landscape~ipad.png */ = {isa = PBXFileReference; lastKnownFileType = image.png; name = "Default-Landscape~ipad.png"; path = "../LaunchImages/Default-Landscape~ipad.png"; sourceTree = "<group>"; };
		A78B7F1414909285008303BA /* Default-Portrait~ipad.png */ = {isa = PBXFileReference; lastKnownFileType = image.png; name = "Default-Portrait~ipad.png"; path = "../LaunchImages/Default-Portrait~ipad.png"; sourceTree = "<group>"; };
		A79299C1149E0CFE000F8B42 /* ZPZoteroItemContainer.h */ = {isa = PBXFileReference; fileEncoding = 4; lastKnownFileType = sourcecode.c.h; path = ZPZoteroItemContainer.h; sourceTree = "<group>"; };
		A79299C2149E0CFE000F8B42 /* ZPZoteroItemContainer.m */ = {isa = PBXFileReference; fileEncoding = 4; lastKnownFileType = sourcecode.c.objc; path = ZPZoteroItemContainer.m; sourceTree = "<group>"; };
		A79ED821148B2683003EE77C /* ZPItemDetailViewController.h */ = {isa = PBXFileReference; fileEncoding = 4; lastKnownFileType = sourcecode.c.h; path = ZPItemDetailViewController.h; sourceTree = "<group>"; };
		A79ED822148B2683003EE77C /* ZPItemDetailViewController.m */ = {isa = PBXFileReference; fileEncoding = 4; lastKnownFileType = sourcecode.c.objc; path = ZPItemDetailViewController.m; sourceTree = "<group>"; };
		A79ED82A148B7404003EE77C /* ZPSimpleItemListViewController.h */ = {isa = PBXFileReference; fileEncoding = 4; lastKnownFileType = sourcecode.c.h; path = ZPSimpleItemListViewController.h; sourceTree = "<group>"; };
		A79ED82B148B7405003EE77C /* ZPSimpleItemListViewController.m */ = {isa = PBXFileReference; fileEncoding = 4; lastKnownFileType = sourcecode.c.objc; path = ZPSimpleItemListViewController.m; sourceTree = "<group>"; };
		A7A3F94F147BAB6C00CA7266 /* database.sql */ = {isa = PBXFileReference; fileEncoding = 4; lastKnownFileType = text; path = database.sql; sourceTree = "<group>"; };
		A7A3F951147BBCCA00CA7266 /* ZPServerResponseXMLParser.h */ = {isa = PBXFileReference; fileEncoding = 4; lastKnownFileType = sourcecode.c.h; path = ZPServerResponseXMLParser.h; sourceTree = "<group>"; };
		A7A3F952147BBCCA00CA7266 /* ZPServerResponseXMLParser.m */ = {isa = PBXFileReference; fileEncoding = 4; lastKnownFileType = sourcecode.c.objc; path = ZPServerResponseXMLParser.m; sourceTree = "<group>"; };
		A7A54B0514878E4F00EBAD80 /* FMDatabase.h */ = {isa = PBXFileReference; fileEncoding = 4; lastKnownFileType = sourcecode.c.h; name = FMDatabase.h; path = FMDB/src/FMDatabase.h; sourceTree = "<group>"; };
		A7A54B0614878E4F00EBAD80 /* FMDatabase.m */ = {isa = PBXFileReference; fileEncoding = 4; lastKnownFileType = sourcecode.c.objc; name = FMDatabase.m; path = FMDB/src/FMDatabase.m; sourceTree = "<group>"; };
		A7A54B0714878E4F00EBAD80 /* FMDatabaseAdditions.h */ = {isa = PBXFileReference; fileEncoding = 4; lastKnownFileType = sourcecode.c.h; name = FMDatabaseAdditions.h; path = FMDB/src/FMDatabaseAdditions.h; sourceTree = "<group>"; };
		A7A54B0814878E4F00EBAD80 /* FMDatabaseAdditions.m */ = {isa = PBXFileReference; fileEncoding = 4; lastKnownFileType = sourcecode.c.objc; name = FMDatabaseAdditions.m; path = FMDB/src/FMDatabaseAdditions.m; sourceTree = "<group>"; };
		A7A54B0914878E4F00EBAD80 /* FMResultSet.h */ = {isa = PBXFileReference; fileEncoding = 4; lastKnownFileType = sourcecode.c.h; name = FMResultSet.h; path = FMDB/src/FMResultSet.h; sourceTree = "<group>"; };
		A7A54B0A14878E4F00EBAD80 /* FMResultSet.m */ = {isa = PBXFileReference; fileEncoding = 4; lastKnownFileType = sourcecode.c.objc; name = FMResultSet.m; path = FMDB/src/FMResultSet.m; sourceTree = "<group>"; };
		A7A54B0F14878EE000EBAD80 /* DSActivityView.h */ = {isa = PBXFileReference; fileEncoding = 4; lastKnownFileType = sourcecode.c.h; name = DSActivityView.h; path = DSActivityView/Sources/DSActivityView.h; sourceTree = "<group>"; };
		A7A54B1014878EE000EBAD80 /* DSActivityView.m */ = {isa = PBXFileReference; fileEncoding = 4; lastKnownFileType = sourcecode.c.objc; name = DSActivityView.m; path = DSActivityView/Sources/DSActivityView.m; sourceTree = "<group>"; };
		A7A7C9AF147A8144004D8756 /* ZPServerConnection.h */ = {isa = PBXFileReference; fileEncoding = 4; lastKnownFileType = sourcecode.c.h; path = ZPServerConnection.h; sourceTree = "<group>"; };
		A7A7C9B0147A8144004D8756 /* ZPServerConnection.m */ = {isa = PBXFileReference; fileEncoding = 4; lastKnownFileType = sourcecode.c.objc; path = ZPServerConnection.m; sourceTree = "<group>"; };
		A7A7C9CF147AA2EE004D8756 /* NSMutableURLRequest+Parameters.h */ = {isa = PBXFileReference; fileEncoding = 4; lastKnownFileType = sourcecode.c.h; path = "NSMutableURLRequest+Parameters.h"; sourceTree = "<group>"; };
		A7A7C9D0147AA2EE004D8756 /* NSMutableURLRequest+Parameters.m */ = {isa = PBXFileReference; fileEncoding = 4; lastKnownFileType = sourcecode.c.objc; path = "NSMutableURLRequest+Parameters.m"; sourceTree = "<group>"; };
		A7A7C9D1147AA2EE004D8756 /* NSString+URLEncoding.h */ = {isa = PBXFileReference; fileEncoding = 4; lastKnownFileType = sourcecode.c.h; path = "NSString+URLEncoding.h"; sourceTree = "<group>"; };
		A7A7C9D2147AA2EE004D8756 /* NSString+URLEncoding.m */ = {isa = PBXFileReference; fileEncoding = 4; lastKnownFileType = sourcecode.c.objc; path = "NSString+URLEncoding.m"; sourceTree = "<group>"; };
		A7A7C9D3147AA2EE004D8756 /* NSURL+Base.h */ = {isa = PBXFileReference; fileEncoding = 4; lastKnownFileType = sourcecode.c.h; path = "NSURL+Base.h"; sourceTree = "<group>"; };
		A7A7C9D4147AA2EE004D8756 /* NSURL+Base.m */ = {isa = PBXFileReference; fileEncoding = 4; lastKnownFileType = sourcecode.c.objc; path = "NSURL+Base.m"; sourceTree = "<group>"; };
		A7A7C9D6147AA2EE004D8756 /* Base64Transcoder.c */ = {isa = PBXFileReference; fileEncoding = 4; lastKnownFileType = sourcecode.c.c; path = Base64Transcoder.c; sourceTree = "<group>"; };
		A7A7C9D7147AA2EE004D8756 /* Base64Transcoder.h */ = {isa = PBXFileReference; fileEncoding = 4; lastKnownFileType = sourcecode.c.h; path = Base64Transcoder.h; sourceTree = "<group>"; };
		A7A7C9D8147AA2EE004D8756 /* hmac.c */ = {isa = PBXFileReference; fileEncoding = 4; lastKnownFileType = sourcecode.c.c; path = hmac.c; sourceTree = "<group>"; };
		A7A7C9D9147AA2EE004D8756 /* hmac.h */ = {isa = PBXFileReference; fileEncoding = 4; lastKnownFileType = sourcecode.c.h; path = hmac.h; sourceTree = "<group>"; };
		A7A7C9DA147AA2EE004D8756 /* sha1.c */ = {isa = PBXFileReference; fileEncoding = 4; lastKnownFileType = sourcecode.c.c; path = sha1.c; sourceTree = "<group>"; };
		A7A7C9DB147AA2EE004D8756 /* sha1.h */ = {isa = PBXFileReference; fileEncoding = 4; lastKnownFileType = sourcecode.c.h; path = sha1.h; sourceTree = "<group>"; };
		A7A7C9DC147AA2EE004D8756 /* OAAttachment.h */ = {isa = PBXFileReference; fileEncoding = 4; lastKnownFileType = sourcecode.c.h; path = OAAttachment.h; sourceTree = "<group>"; };
		A7A7C9DD147AA2EE004D8756 /* OAAttachment.m */ = {isa = PBXFileReference; fileEncoding = 4; lastKnownFileType = sourcecode.c.objc; path = OAAttachment.m; sourceTree = "<group>"; };
		A7A7C9DE147AA2EE004D8756 /* OACall.h */ = {isa = PBXFileReference; fileEncoding = 4; lastKnownFileType = sourcecode.c.h; path = OACall.h; sourceTree = "<group>"; };
		A7A7C9DF147AA2EE004D8756 /* OACall.m */ = {isa = PBXFileReference; fileEncoding = 4; lastKnownFileType = sourcecode.c.objc; path = OACall.m; sourceTree = "<group>"; };
		A7A7C9E0147AA2EE004D8756 /* OAConsumer.h */ = {isa = PBXFileReference; fileEncoding = 4; lastKnownFileType = sourcecode.c.h; path = OAConsumer.h; sourceTree = "<group>"; };
		A7A7C9E1147AA2EE004D8756 /* OAConsumer.m */ = {isa = PBXFileReference; fileEncoding = 4; lastKnownFileType = sourcecode.c.objc; path = OAConsumer.m; sourceTree = "<group>"; };
		A7A7C9E2147AA2EE004D8756 /* OADataFetcher.h */ = {isa = PBXFileReference; fileEncoding = 4; lastKnownFileType = sourcecode.c.h; path = OADataFetcher.h; sourceTree = "<group>"; };
		A7A7C9E3147AA2EE004D8756 /* OADataFetcher.m */ = {isa = PBXFileReference; fileEncoding = 4; lastKnownFileType = sourcecode.c.objc; path = OADataFetcher.m; sourceTree = "<group>"; };
		A7A7C9E4147AA2EE004D8756 /* OAHMAC_SHA1SignatureProvider.h */ = {isa = PBXFileReference; fileEncoding = 4; lastKnownFileType = sourcecode.c.h; path = OAHMAC_SHA1SignatureProvider.h; sourceTree = "<group>"; };
		A7A7C9E5147AA2EE004D8756 /* OAHMAC_SHA1SignatureProvider.m */ = {isa = PBXFileReference; fileEncoding = 4; lastKnownFileType = sourcecode.c.objc; path = OAHMAC_SHA1SignatureProvider.m; sourceTree = "<group>"; };
		A7A7C9E6147AA2EE004D8756 /* OAMutableURLRequest.h */ = {isa = PBXFileReference; fileEncoding = 4; lastKnownFileType = sourcecode.c.h; path = OAMutableURLRequest.h; sourceTree = "<group>"; };
		A7A7C9E7147AA2EE004D8756 /* OAMutableURLRequest.m */ = {isa = PBXFileReference; fileEncoding = 4; lastKnownFileType = sourcecode.c.objc; path = OAMutableURLRequest.m; sourceTree = "<group>"; };
		A7A7C9E8147AA2EE004D8756 /* OAPlaintextSignatureProvider.h */ = {isa = PBXFileReference; fileEncoding = 4; lastKnownFileType = sourcecode.c.h; path = OAPlaintextSignatureProvider.h; sourceTree = "<group>"; };
		A7A7C9E9147AA2EE004D8756 /* OAPlaintextSignatureProvider.m */ = {isa = PBXFileReference; fileEncoding = 4; lastKnownFileType = sourcecode.c.objc; path = OAPlaintextSignatureProvider.m; sourceTree = "<group>"; };
		A7A7C9EA147AA2EE004D8756 /* OAProblem.h */ = {isa = PBXFileReference; fileEncoding = 4; lastKnownFileType = sourcecode.c.h; path = OAProblem.h; sourceTree = "<group>"; };
		A7A7C9EB147AA2EE004D8756 /* OAProblem.m */ = {isa = PBXFileReference; fileEncoding = 4; lastKnownFileType = sourcecode.c.objc; path = OAProblem.m; sourceTree = "<group>"; };
		A7A7C9EC147AA2EE004D8756 /* OARequestParameter.h */ = {isa = PBXFileReference; fileEncoding = 4; lastKnownFileType = sourcecode.c.h; path = OARequestParameter.h; sourceTree = "<group>"; };
		A7A7C9ED147AA2EE004D8756 /* OARequestParameter.m */ = {isa = PBXFileReference; fileEncoding = 4; lastKnownFileType = sourcecode.c.objc; path = OARequestParameter.m; sourceTree = "<group>"; };
		A7A7C9EE147AA2EE004D8756 /* OAServiceTicket.h */ = {isa = PBXFileReference; fileEncoding = 4; lastKnownFileType = sourcecode.c.h; path = OAServiceTicket.h; sourceTree = "<group>"; };
		A7A7C9EF147AA2EE004D8756 /* OAServiceTicket.m */ = {isa = PBXFileReference; fileEncoding = 4; lastKnownFileType = sourcecode.c.objc; path = OAServiceTicket.m; sourceTree = "<group>"; };
		A7A7C9F0147AA2EE004D8756 /* OASignatureProviding.h */ = {isa = PBXFileReference; fileEncoding = 4; lastKnownFileType = sourcecode.c.h; path = OASignatureProviding.h; sourceTree = "<group>"; };
		A7A7C9F1147AA2EE004D8756 /* OATestServer.rb */ = {isa = PBXFileReference; fileEncoding = 4; lastKnownFileType = text.script.ruby; path = OATestServer.rb; sourceTree = "<group>"; };
		A7A7C9F2147AA2EE004D8756 /* OAToken.h */ = {isa = PBXFileReference; fileEncoding = 4; lastKnownFileType = sourcecode.c.h; path = OAToken.h; sourceTree = "<group>"; };
		A7A7C9F3147AA2EE004D8756 /* OAToken.m */ = {isa = PBXFileReference; fileEncoding = 4; lastKnownFileType = sourcecode.c.objc; path = OAToken.m; sourceTree = "<group>"; };
		A7A7C9F4147AA2EE004D8756 /* OATokenManager.h */ = {isa = PBXFileReference; fileEncoding = 4; lastKnownFileType = sourcecode.c.h; path = OATokenManager.h; sourceTree = "<group>"; };
		A7A7C9F5147AA2EE004D8756 /* OATokenManager.m */ = {isa = PBXFileReference; fileEncoding = 4; lastKnownFileType = sourcecode.c.objc; path = OATokenManager.m; sourceTree = "<group>"; };
		A7A7C9F6147AA2EE004D8756 /* OAuthConsumer.h */ = {isa = PBXFileReference; fileEncoding = 4; lastKnownFileType = sourcecode.c.h; path = OAuthConsumer.h; sourceTree = "<group>"; };
		A7A7C9F7147AA2EE004D8756 /* README */ = {isa = PBXFileReference; fileEncoding = 4; lastKnownFileType = text; name = README; path = oauthconsumer/README; sourceTree = SOURCE_ROOT; };
		A7A7CA0C147AA329004D8756 /* Security.framework */ = {isa = PBXFileReference; lastKnownFileType = wrapper.framework; name = Security.framework; path = System/Library/Frameworks/Security.framework; sourceTree = SDKROOT; };
		A7A7CA0E147AA339004D8756 /* libxml2.dylib */ = {isa = PBXFileReference; lastKnownFileType = "compiled.mach-o.dylib"; name = libxml2.dylib; path = usr/lib/libxml2.dylib; sourceTree = SDKROOT; };
		A7B5180914880CE600806EED /* ZPAuthenticationProcess.h */ = {isa = PBXFileReference; fileEncoding = 4; lastKnownFileType = sourcecode.c.h; path = ZPAuthenticationProcess.h; sourceTree = "<group>"; };
		A7B5180A14880CE700806EED /* ZPAuthenticationProcess.m */ = {isa = PBXFileReference; fileEncoding = 4; lastKnownFileType = sourcecode.c.objc; path = ZPAuthenticationProcess.m; sourceTree = "<group>"; };
		A7CC252B1493E14D00FDEAF4 /* iCarousel.h */ = {isa = PBXFileReference; fileEncoding = 4; lastKnownFileType = sourcecode.c.h; path = iCarousel.h; sourceTree = "<group>"; };
		A7CC252C1493E14D00FDEAF4 /* iCarousel.m */ = {isa = PBXFileReference; fileEncoding = 4; lastKnownFileType = sourcecode.c.objc; path = iCarousel.m; sourceTree = "<group>"; };
		A7D4A1801494B1B700935847 /* ZPItemObserver.h */ = {isa = PBXFileReference; fileEncoding = 4; lastKnownFileType = sourcecode.c.h; path = ZPItemObserver.h; sourceTree = "<group>"; };
/* End PBXFileReference section */

/* Begin PBXFrameworksBuildPhase section */
		A7200DCD14718DC0004347C9 /* Frameworks */ = {
			isa = PBXFrameworksBuildPhase;
			buildActionMask = 2147483647;
			files = (
				3201088596B4756681693705 /* libThree20UICommon.a in Frameworks */,
				320D7DCCE32703ACAB9A45E5 /* libThree20.a in Frameworks */,
				320A737074758E53BA54BE95 /* libThree20UINavigator.a in Frameworks */,
				320A2827FEC940B25BC42C65 /* libThree20Core.a in Frameworks */,
				320F2C48872C2E2C4DF86205 /* libThree20UI.a in Frameworks */,
				320A5A189C235877202780D5 /* libThree20Network.a in Frameworks */,
				320CC833B8AF0ACFD35E6225 /* libThree20Style.a in Frameworks */,
				320AF8492C47A4D819F7C451 /* QuartzCore.framework in Frameworks */,
				A7A7CA0F147AA33A004D8756 /* libxml2.dylib in Frameworks */,
				A7A7CA0D147AA329004D8756 /* Security.framework in Frameworks */,
				A7200DF8147193C0004347C9 /* libsqlite3.dylib in Frameworks */,
				A7200DD514718DC0004347C9 /* UIKit.framework in Frameworks */,
				A7200DD714718DC0004347C9 /* Foundation.framework in Frameworks */,
				A7200DD914718DC0004347C9 /* CoreGraphics.framework in Frameworks */,
			);
			runOnlyForDeploymentPostprocessing = 0;
		};
/* End PBXFrameworksBuildPhase section */

/* Begin PBXGroup section */
		3201088596B4756681693703 /* Products */ = {
			isa = PBXGroup;
			children = (
				3201088596B4756681693704 /* libThree20UICommon.a */,
				A747F6D114877A3200E7BD68 /* UICommonUnitTests.octest */,
			);
			name = Products;
			sourceTree = "<group>";
		};
		320A2827FEC940B25BC42C63 /* Products */ = {
			isa = PBXGroup;
			children = (
				320A2827FEC940B25BC42C64 /* libThree20Core.a */,
				A747F6C514877A3200E7BD68 /* CoreUnitTests.octest */,
			);
			name = Products;
			sourceTree = "<group>";
		};
		320A5A189C235877202780D3 /* Products */ = {
			isa = PBXGroup;
			children = (
				320A5A189C235877202780D4 /* libThree20Network.a */,
				A747F6C814877A3200E7BD68 /* NetworkUnitTests.octest */,
			);
			name = Products;
			sourceTree = "<group>";
		};
		320A737074758E53BA54BE93 /* Products */ = {
			isa = PBXGroup;
			children = (
				320A737074758E53BA54BE94 /* libThree20UINavigator.a */,
				A747F6D414877A3200E7BD68 /* UINavigatorUnitTests.octest */,
			);
			name = Products;
			sourceTree = "<group>";
		};
		320CC833B8AF0ACFD35E6223 /* Products */ = {
			isa = PBXGroup;
			children = (
				320CC833B8AF0ACFD35E6224 /* libThree20Style.a */,
				A747F6CB14877A3200E7BD68 /* StyleUnitTests.octest */,
			);
			name = Products;
			sourceTree = "<group>";
		};
		320D7DCCE32703ACAB9A45E3 /* Products */ = {
			isa = PBXGroup;
			children = (
				320D7DCCE32703ACAB9A45E4 /* libThree20.a */,
				A747F6C214877A3200E7BD68 /* Three20UnitTests.octest */,
			);
			name = Products;
			sourceTree = "<group>";
		};
		320F2C48872C2E2C4DF86203 /* Products */ = {
			isa = PBXGroup;
			children = (
				320F2C48872C2E2C4DF86204 /* libThree20UI.a */,
				A747F6CE14877A3200E7BD68 /* UIUnitTests.octest */,
			);
			name = Products;
			sourceTree = "<group>";
		};
		A702506E149C8BE8004F2AAB /* Server connection */ = {
			isa = PBXGroup;
			children = (
				A702506F149C8D3D004F2AAB /* Response parsers */,
				A7B5180914880CE600806EED /* ZPAuthenticationProcess.h */,
				A7B5180A14880CE700806EED /* ZPAuthenticationProcess.m */,
				A7A7C9AF147A8144004D8756 /* ZPServerConnection.h */,
				A7A7C9B0147A8144004D8756 /* ZPServerConnection.m */,
			);
			name = "Server connection";
			sourceTree = "<group>";
		};
		A702506F149C8D3D004F2AAB /* Response parsers */ = {
			isa = PBXGroup;
			children = (
				A7A3F951147BBCCA00CA7266 /* ZPServerResponseXMLParser.h */,
				A7A3F952147BBCCA00CA7266 /* ZPServerResponseXMLParser.m */,
				A7025070149C8D8F004F2AAB /* ZPServerResponseXMLParserLibrary.h */,
				A7025071149C8D8F004F2AAB /* ZPServerResponseXMLParserLibrary.m */,
				A7025073149C8F9A004F2AAB /* ZPServerResponseXMLParserCollection.h */,
				A7025074149C8F9A004F2AAB /* ZPServerResponseXMLParserCollection.m */,
				A7025076149C91A1004F2AAB /* ZPServerResponseXMLParserItem.h */,
				A7025077149C91A1004F2AAB /* ZPServerResponseXMLParserItem.m */,
			);
			name = "Response parsers";
			sourceTree = "<group>";
		};
		A716C05D1495132200BD6025 /* json-framework */ = {
			isa = PBXGroup;
			children = (
				A716C0381495131E00BD6025 /* NSObject+SBJson.h */,
				A716C0391495131E00BD6025 /* NSObject+SBJson.m */,
				A716C03A1495131E00BD6025 /* SBJson.h */,
				A716C03B1495131E00BD6025 /* SBJsonParser.h */,
				A716C03C1495131E00BD6025 /* SBJsonParser.m */,
				A716C03D1495131E00BD6025 /* SBJsonStreamParser.h */,
				A716C03E1495131E00BD6025 /* SBJsonStreamParser.m */,
				A716C03F1495131E00BD6025 /* SBJsonStreamParserAccumulator.h */,
				A716C0401495131E00BD6025 /* SBJsonStreamParserAccumulator.m */,
				A716C0411495131E00BD6025 /* SBJsonStreamParserAdapter.h */,
				A716C0421495131E00BD6025 /* SBJsonStreamParserAdapter.m */,
				A716C0431495131E00BD6025 /* SBJsonStreamParserState.h */,
				A716C0441495131E00BD6025 /* SBJsonStreamParserState.m */,
				A716C0451495131E00BD6025 /* SBJsonStreamWriter.h */,
				A716C0461495131E00BD6025 /* SBJsonStreamWriter.m */,
				A716C0471495131E00BD6025 /* SBJsonStreamWriterAccumulator.h */,
				A716C0481495131F00BD6025 /* SBJsonStreamWriterAccumulator.m */,
				A716C0491495131F00BD6025 /* SBJsonStreamWriterState.h */,
				A716C04A1495131F00BD6025 /* SBJsonStreamWriterState.m */,
				A716C04B1495131F00BD6025 /* SBJsonTokeniser.h */,
				A716C04C1495131F00BD6025 /* SBJsonTokeniser.m */,
				A716C04D1495131F00BD6025 /* SBJsonUTF8Stream.h */,
				A716C04E1495131F00BD6025 /* SBJsonUTF8Stream.m */,
				A716C04F1495131F00BD6025 /* SBJsonWriter.h */,
				A716C0501495131F00BD6025 /* SBJsonWriter.m */,
			);
			name = "json-framework";
			sourceTree = "<group>";
		};
		A7200DC514718DBF004347C9 = {
			isa = PBXGroup;
			children = (
				A7200DDA14718DC0004347C9 /* ZotPad */,
				A7200DD314718DC0004347C9 /* Frameworks */,
				A7200DD114718DC0004347C9 /* Products */,
			);
			sourceTree = "<group>";
		};
		A7200DD114718DC0004347C9 /* Products */ = {
			isa = PBXGroup;
			children = (
				A7200DD014718DC0004347C9 /* ZotPad.app */,
			);
			name = Products;
			sourceTree = "<group>";
		};
		A7200DD314718DC0004347C9 /* Frameworks */ = {
			isa = PBXGroup;
			children = (
				A716C05D1495132200BD6025 /* json-framework */,
				A7CC252A1493E14D00FDEAF4 /* iCarousel */,
				A7A7C9CD147AA2EE004D8756 /* OAuthConsumer */,
				A7A54B0E14878ECD00EBAD80 /* DSActivityView */,
				A7A54B0414878E2600EBAD80 /* FMDB */,
				3201088596B4756681693700 /* Three20UICommon.xcodeproj */,
				320D7DCCE32703ACAB9A45E0 /* Three20.xcodeproj */,
				320A737074758E53BA54BE90 /* Three20UINavigator.xcodeproj */,
				320A2827FEC940B25BC42C60 /* Three20Core.xcodeproj */,
				320F2C48872C2E2C4DF86200 /* Three20UI.xcodeproj */,
				320A5A189C235877202780D0 /* Three20Network.xcodeproj */,
				320CC833B8AF0ACFD35E6220 /* Three20Style.xcodeproj */,
				320AF8492C47A4D819F7C450 /* QuartzCore.framework */,
				A7A7CA0E147AA339004D8756 /* libxml2.dylib */,
				A7A7CA0C147AA329004D8756 /* Security.framework */,
				A7200DF7147193C0004347C9 /* libsqlite3.dylib */,
				A7200DD414718DC0004347C9 /* UIKit.framework */,
				A7200DD614718DC0004347C9 /* Foundation.framework */,
				A7200DD814718DC0004347C9 /* CoreGraphics.framework */,
			);
			name = Frameworks;
			sourceTree = "<group>";
		};
		A7200DDA14718DC0004347C9 /* ZotPad */ = {
			isa = PBXGroup;
			children = (
				A7285400147E346800D3FE97 /* Data objects */,
				A72853FE147E33F400D3FE97 /* UI and delegate files */,
				A72853FF147E343A00D3FE97 /* Data layer */,
				A702506E149C8BE8004F2AAB /* Server connection */,
				A7200DDB14718DC0004347C9 /* Supporting Files */,
			);
			path = ZotPad;
			sourceTree = "<group>";
		};
		A7200DDB14718DC0004347C9 /* Supporting Files */ = {
			isa = PBXGroup;
			children = (
				A78B7F0F149090D2008303BA /* Launch images */,
				A78B7F0A14908DFF008303BA /* AppIcons */,
				A73D635014879D15007999F3 /* Settings.bundle */,
				320B6C86F11D9990244A9730 /* Three20.bundle */,
				A7200DDC14718DC0004347C9 /* ZotPad-Info.plist */,
				A7200DDD14718DC0004347C9 /* InfoPlist.strings */,
				A7200DE014718DC0004347C9 /* main.m */,
				A7200DE214718DC0004347C9 /* ZotPad-Prefix.pch */,
				A7A3F94F147BAB6C00CA7266 /* database.sql */,
			);
			name = "Supporting Files";
			sourceTree = "<group>";
		};
		A72853FE147E33F400D3FE97 /* UI and delegate files */ = {
			isa = PBXGroup;
			children = (
				A7200DE314718DC0004347C9 /* ZPAppDelegate.h */,
				A7200DE414718DC0004347C9 /* ZPAppDelegate.m */,
				A7200DE914718DC1004347C9 /* ZPLibraryAndCollectionListViewController.h */,
				A7200DEA14718DC1004347C9 /* ZPLibraryAndCollectionListViewController.m */,
				A7200DEC14718DC1004347C9 /* ZPDetailedItemListViewController.h */,
				A7200DED14718DC1004347C9 /* ZPDetailedItemListViewController.m */,
				A79ED82A148B7404003EE77C /* ZPSimpleItemListViewController.h */,
				A79ED82B148B7405003EE77C /* ZPSimpleItemListViewController.m */,
				A79ED821148B2683003EE77C /* ZPItemDetailViewController.h */,
				A79ED822148B2683003EE77C /* ZPItemDetailViewController.m */,
				A74348D5147AB37A00DA6FC3 /* ZPAuthenticationDialog.h */,
				A74348D6147AB37A00DA6FC3 /* ZPAuthenticationDialog.m */,
				A786F7771476A56200B35B92 /* MainStoryboard_iPhone.storyboard */,
				A72C3CA61487C9DA00F6744E /* MainStoryboard_iPad.storyboard */,
			);
			name = "UI and delegate files";
			sourceTree = "<group>";
		};
		A72853FF147E343A00D3FE97 /* Data layer */ = {
			isa = PBXGroup;
			children = (
				A7200DF414718F44004347C9 /* ZPDataLayer.h */,
				A7200DF514718F44004347C9 /* ZPDataLayer.m */,
				A702501B149B33E1004F2AAB /* ZPCacheController.h */,
				A702501C149B33E1004F2AAB /* ZPCacheController.m */,
				A702501E149C6C3C004F2AAB /* ZPPreferences.h */,
				A702501F149C6C3D004F2AAB /* ZPPreferences.m */,
				A7025017149B0BB1004F2AAB /* ZPDatabase.h */,
				A7025018149B0BB1004F2AAB /* ZPDatabase.m */,
				A7D4A1801494B1B700935847 /* ZPItemObserver.h */,
				A702501A149B2D6D004F2AAB /* ZPLibraryObserver.h */,
			);
			name = "Data layer";
			sourceTree = "<group>";
		};
		A7285400147E346800D3FE97 /* Data objects */ = {
			isa = PBXGroup;
			children = (
				A79299C1149E0CFE000F8B42 /* ZPZoteroItemContainer.h */,
				A79299C2149E0CFE000F8B42 /* ZPZoteroItemContainer.m */,
				A72853F7147E319600D3FE97 /* ZPZoteroLibrary.h */,
				A72853F8147E319600D3FE97 /* ZPZoteroLibrary.m */,
				A72853FB147E31B500D3FE97 /* ZPZoteroCollection.h */,
				A72853FC147E31B500D3FE97 /* ZPZoteroCollection.m */,
				A716C0351494E9DE00BD6025 /* ZPZoteroAttachment.h */,
				A716C0361494E9DE00BD6025 /* ZPZoteroAttachment.m */,
				A7692D82147D112D000C1A8F /* ZPZoteroItem.h */,
				A7692D83147D112D000C1A8F /* ZPZoteroItem.m */,
			);
			name = "Data objects";
			sourceTree = "<group>";
		};
		A78B7F0A14908DFF008303BA /* AppIcons */ = {
			isa = PBXGroup;
			children = (
				A776EE7F14908AF30087B8FA /* 114x114.png */,
				A776EE7D14908AED0087B8FA /* 57x57.png */,
				A776EE7B14908AE20087B8FA /* 72x72.png */,
			);
			name = AppIcons;
			sourceTree = "<group>";
		};
		A78B7F0F149090D2008303BA /* Launch images */ = {
			isa = PBXGroup;
			children = (
				A78B7F1414909285008303BA /* Default-Portrait~ipad.png */,
				A78B7F12149091B8008303BA /* Default-Landscape~ipad.png */,
			);
			name = "Launch images";
			sourceTree = "<group>";
		};
		A7A54B0414878E2600EBAD80 /* FMDB */ = {
			isa = PBXGroup;
			children = (
				A7A54B0514878E4F00EBAD80 /* FMDatabase.h */,
				A7A54B0614878E4F00EBAD80 /* FMDatabase.m */,
				A7A54B0714878E4F00EBAD80 /* FMDatabaseAdditions.h */,
				A7A54B0814878E4F00EBAD80 /* FMDatabaseAdditions.m */,
				A7A54B0914878E4F00EBAD80 /* FMResultSet.h */,
				A7A54B0A14878E4F00EBAD80 /* FMResultSet.m */,
			);
			name = FMDB;
			sourceTree = "<group>";
		};
		A7A54B0E14878ECD00EBAD80 /* DSActivityView */ = {
			isa = PBXGroup;
			children = (
				A7A54B0F14878EE000EBAD80 /* DSActivityView.h */,
				A7A54B1014878EE000EBAD80 /* DSActivityView.m */,
			);
			name = DSActivityView;
			sourceTree = "<group>";
		};
		A7A7C9CD147AA2EE004D8756 /* OAuthConsumer */ = {
			isa = PBXGroup;
			children = (
				A7A7C9CE147AA2EE004D8756 /* Categories */,
				A7A7C9D5147AA2EE004D8756 /* Crypto */,
				A7A7C9DC147AA2EE004D8756 /* OAAttachment.h */,
				A7A7C9DD147AA2EE004D8756 /* OAAttachment.m */,
				A7A7C9DE147AA2EE004D8756 /* OACall.h */,
				A7A7C9DF147AA2EE004D8756 /* OACall.m */,
				A7A7C9E0147AA2EE004D8756 /* OAConsumer.h */,
				A7A7C9E1147AA2EE004D8756 /* OAConsumer.m */,
				A7A7C9E2147AA2EE004D8756 /* OADataFetcher.h */,
				A7A7C9E3147AA2EE004D8756 /* OADataFetcher.m */,
				A7A7C9E4147AA2EE004D8756 /* OAHMAC_SHA1SignatureProvider.h */,
				A7A7C9E5147AA2EE004D8756 /* OAHMAC_SHA1SignatureProvider.m */,
				A7A7C9E6147AA2EE004D8756 /* OAMutableURLRequest.h */,
				A7A7C9E7147AA2EE004D8756 /* OAMutableURLRequest.m */,
				A7A7C9E8147AA2EE004D8756 /* OAPlaintextSignatureProvider.h */,
				A7A7C9E9147AA2EE004D8756 /* OAPlaintextSignatureProvider.m */,
				A7A7C9EA147AA2EE004D8756 /* OAProblem.h */,
				A7A7C9EB147AA2EE004D8756 /* OAProblem.m */,
				A7A7C9EC147AA2EE004D8756 /* OARequestParameter.h */,
				A7A7C9ED147AA2EE004D8756 /* OARequestParameter.m */,
				A7A7C9EE147AA2EE004D8756 /* OAServiceTicket.h */,
				A7A7C9EF147AA2EE004D8756 /* OAServiceTicket.m */,
				A7A7C9F0147AA2EE004D8756 /* OASignatureProviding.h */,
				A7A7C9F1147AA2EE004D8756 /* OATestServer.rb */,
				A7A7C9F2147AA2EE004D8756 /* OAToken.h */,
				A7A7C9F3147AA2EE004D8756 /* OAToken.m */,
				A7A7C9F4147AA2EE004D8756 /* OATokenManager.h */,
				A7A7C9F5147AA2EE004D8756 /* OATokenManager.m */,
				A7A7C9F6147AA2EE004D8756 /* OAuthConsumer.h */,
				A7A7C9F7147AA2EE004D8756 /* README */,
			);
			name = OAuthConsumer;
			path = oauthconsumer;
			sourceTree = "<group>";
		};
		A7A7C9CE147AA2EE004D8756 /* Categories */ = {
			isa = PBXGroup;
			children = (
				A7A7C9CF147AA2EE004D8756 /* NSMutableURLRequest+Parameters.h */,
				A7A7C9D0147AA2EE004D8756 /* NSMutableURLRequest+Parameters.m */,
				A7A7C9D1147AA2EE004D8756 /* NSString+URLEncoding.h */,
				A7A7C9D2147AA2EE004D8756 /* NSString+URLEncoding.m */,
				A7A7C9D3147AA2EE004D8756 /* NSURL+Base.h */,
				A7A7C9D4147AA2EE004D8756 /* NSURL+Base.m */,
			);
			path = Categories;
			sourceTree = "<group>";
		};
		A7A7C9D5147AA2EE004D8756 /* Crypto */ = {
			isa = PBXGroup;
			children = (
				A7A7C9D6147AA2EE004D8756 /* Base64Transcoder.c */,
				A7A7C9D7147AA2EE004D8756 /* Base64Transcoder.h */,
				A7A7C9D8147AA2EE004D8756 /* hmac.c */,
				A7A7C9D9147AA2EE004D8756 /* hmac.h */,
				A7A7C9DA147AA2EE004D8756 /* sha1.c */,
				A7A7C9DB147AA2EE004D8756 /* sha1.h */,
			);
			path = Crypto;
			sourceTree = "<group>";
		};
		A7CC252A1493E14D00FDEAF4 /* iCarousel */ = {
			isa = PBXGroup;
			children = (
				A7CC252B1493E14D00FDEAF4 /* iCarousel.h */,
				A7CC252C1493E14D00FDEAF4 /* iCarousel.m */,
			);
			name = iCarousel;
			path = iCarousel/iCarousel;
			sourceTree = SOURCE_ROOT;
		};
/* End PBXGroup section */

/* Begin PBXNativeTarget section */
		A7200DCF14718DC0004347C9 /* ZotPad */ = {
			isa = PBXNativeTarget;
			buildConfigurationList = A7200DF114718DC1004347C9 /* Build configuration list for PBXNativeTarget "ZotPad" */;
			buildPhases = (
				A7200DCC14718DC0004347C9 /* Sources */,
				A7200DCD14718DC0004347C9 /* Frameworks */,
				A7200DCE14718DC0004347C9 /* Resources */,
			);
			buildRules = (
			);
			dependencies = (
				3201088596B4756681693701 /* PBXTargetDependency */,
				320D7DCCE32703ACAB9A45E1 /* PBXTargetDependency */,
				320A737074758E53BA54BE91 /* PBXTargetDependency */,
				320A2827FEC940B25BC42C61 /* PBXTargetDependency */,
				320F2C48872C2E2C4DF86201 /* PBXTargetDependency */,
				320A5A189C235877202780D1 /* PBXTargetDependency */,
				320CC833B8AF0ACFD35E6221 /* PBXTargetDependency */,
			);
			name = ZotPad;
			productName = ZotPad;
			productReference = A7200DD014718DC0004347C9 /* ZotPad.app */;
			productType = "com.apple.product-type.application";
		};
/* End PBXNativeTarget section */

/* Begin PBXProject section */
		A7200DC714718DBF004347C9 /* Project object */ = {
			isa = PBXProject;
			attributes = {
				LastUpgradeCheck = 0420;
			};
			buildConfigurationList = A7200DCA14718DBF004347C9 /* Build configuration list for PBXProject "ZotPad" */;
			compatibilityVersion = "Xcode 3.2";
			developmentRegion = English;
			hasScannedForEncodings = 0;
			knownRegions = (
				en,
				English,
			);
			mainGroup = A7200DC514718DBF004347C9;
			productRefGroup = A7200DD114718DC0004347C9 /* Products */;
			projectDirPath = "";
			projectReferences = (
				{
					ProductGroup = 320D7DCCE32703ACAB9A45E3 /* Products */;
					ProjectRef = 320D7DCCE32703ACAB9A45E0 /* Three20.xcodeproj */;
				},
				{
					ProductGroup = 320A2827FEC940B25BC42C63 /* Products */;
					ProjectRef = 320A2827FEC940B25BC42C60 /* Three20Core.xcodeproj */;
				},
				{
					ProductGroup = 320A5A189C235877202780D3 /* Products */;
					ProjectRef = 320A5A189C235877202780D0 /* Three20Network.xcodeproj */;
				},
				{
					ProductGroup = 320CC833B8AF0ACFD35E6223 /* Products */;
					ProjectRef = 320CC833B8AF0ACFD35E6220 /* Three20Style.xcodeproj */;
				},
				{
					ProductGroup = 320F2C48872C2E2C4DF86203 /* Products */;
					ProjectRef = 320F2C48872C2E2C4DF86200 /* Three20UI.xcodeproj */;
				},
				{
					ProductGroup = 3201088596B4756681693703 /* Products */;
					ProjectRef = 3201088596B4756681693700 /* Three20UICommon.xcodeproj */;
				},
				{
					ProductGroup = 320A737074758E53BA54BE93 /* Products */;
					ProjectRef = 320A737074758E53BA54BE90 /* Three20UINavigator.xcodeproj */;
				},
			);
			projectRoot = "";
			targets = (
				A7200DCF14718DC0004347C9 /* ZotPad */,
			);
		};
/* End PBXProject section */

/* Begin PBXReferenceProxy section */
		3201088596B4756681693704 /* libThree20UICommon.a */ = {
			isa = PBXReferenceProxy;
			fileType = archive.ar;
			path = libThree20UICommon.a;
			remoteRef = 3201088596B4756681693706 /* PBXContainerItemProxy */;
			sourceTree = BUILT_PRODUCTS_DIR;
		};
		320A2827FEC940B25BC42C64 /* libThree20Core.a */ = {
			isa = PBXReferenceProxy;
			fileType = archive.ar;
			path = libThree20Core.a;
			remoteRef = 320A2827FEC940B25BC42C66 /* PBXContainerItemProxy */;
			sourceTree = BUILT_PRODUCTS_DIR;
		};
		320A5A189C235877202780D4 /* libThree20Network.a */ = {
			isa = PBXReferenceProxy;
			fileType = archive.ar;
			path = libThree20Network.a;
			remoteRef = 320A5A189C235877202780D6 /* PBXContainerItemProxy */;
			sourceTree = BUILT_PRODUCTS_DIR;
		};
		320A737074758E53BA54BE94 /* libThree20UINavigator.a */ = {
			isa = PBXReferenceProxy;
			fileType = archive.ar;
			path = libThree20UINavigator.a;
			remoteRef = 320A737074758E53BA54BE96 /* PBXContainerItemProxy */;
			sourceTree = BUILT_PRODUCTS_DIR;
		};
		320CC833B8AF0ACFD35E6224 /* libThree20Style.a */ = {
			isa = PBXReferenceProxy;
			fileType = archive.ar;
			path = libThree20Style.a;
			remoteRef = 320CC833B8AF0ACFD35E6226 /* PBXContainerItemProxy */;
			sourceTree = BUILT_PRODUCTS_DIR;
		};
		320D7DCCE32703ACAB9A45E4 /* libThree20.a */ = {
			isa = PBXReferenceProxy;
			fileType = archive.ar;
			path = libThree20.a;
			remoteRef = 320D7DCCE32703ACAB9A45E6 /* PBXContainerItemProxy */;
			sourceTree = BUILT_PRODUCTS_DIR;
		};
		320F2C48872C2E2C4DF86204 /* libThree20UI.a */ = {
			isa = PBXReferenceProxy;
			fileType = archive.ar;
			path = libThree20UI.a;
			remoteRef = 320F2C48872C2E2C4DF86206 /* PBXContainerItemProxy */;
			sourceTree = BUILT_PRODUCTS_DIR;
		};
		A747F6C214877A3200E7BD68 /* Three20UnitTests.octest */ = {
			isa = PBXReferenceProxy;
			fileType = wrapper.cfbundle;
			path = Three20UnitTests.octest;
			remoteRef = A747F6C114877A3200E7BD68 /* PBXContainerItemProxy */;
			sourceTree = BUILT_PRODUCTS_DIR;
		};
		A747F6C514877A3200E7BD68 /* CoreUnitTests.octest */ = {
			isa = PBXReferenceProxy;
			fileType = wrapper.cfbundle;
			path = CoreUnitTests.octest;
			remoteRef = A747F6C414877A3200E7BD68 /* PBXContainerItemProxy */;
			sourceTree = BUILT_PRODUCTS_DIR;
		};
		A747F6C814877A3200E7BD68 /* NetworkUnitTests.octest */ = {
			isa = PBXReferenceProxy;
			fileType = wrapper.cfbundle;
			path = NetworkUnitTests.octest;
			remoteRef = A747F6C714877A3200E7BD68 /* PBXContainerItemProxy */;
			sourceTree = BUILT_PRODUCTS_DIR;
		};
		A747F6CB14877A3200E7BD68 /* StyleUnitTests.octest */ = {
			isa = PBXReferenceProxy;
			fileType = wrapper.cfbundle;
			path = StyleUnitTests.octest;
			remoteRef = A747F6CA14877A3200E7BD68 /* PBXContainerItemProxy */;
			sourceTree = BUILT_PRODUCTS_DIR;
		};
		A747F6CE14877A3200E7BD68 /* UIUnitTests.octest */ = {
			isa = PBXReferenceProxy;
			fileType = wrapper.cfbundle;
			path = UIUnitTests.octest;
			remoteRef = A747F6CD14877A3200E7BD68 /* PBXContainerItemProxy */;
			sourceTree = BUILT_PRODUCTS_DIR;
		};
		A747F6D114877A3200E7BD68 /* UICommonUnitTests.octest */ = {
			isa = PBXReferenceProxy;
			fileType = wrapper.cfbundle;
			path = UICommonUnitTests.octest;
			remoteRef = A747F6D014877A3200E7BD68 /* PBXContainerItemProxy */;
			sourceTree = BUILT_PRODUCTS_DIR;
		};
		A747F6D414877A3200E7BD68 /* UINavigatorUnitTests.octest */ = {
			isa = PBXReferenceProxy;
			fileType = wrapper.cfbundle;
			path = UINavigatorUnitTests.octest;
			remoteRef = A747F6D314877A3200E7BD68 /* PBXContainerItemProxy */;
			sourceTree = BUILT_PRODUCTS_DIR;
		};
/* End PBXReferenceProxy section */

/* Begin PBXResourcesBuildPhase section */
		A7200DCE14718DC0004347C9 /* Resources */ = {
			isa = PBXResourcesBuildPhase;
			buildActionMask = 2147483647;
			files = (
				320B6C86F11D9990244A9731 /* Three20.bundle in Resources */,
				A7200DDF14718DC0004347C9 /* InfoPlist.strings in Resources */,
				A786F7781476A56200B35B92 /* MainStoryboard_iPhone.storyboard in Resources */,
				A7A3F950147BAB6C00CA7266 /* database.sql in Resources */,
				A73D635114879D15007999F3 /* Settings.bundle in Resources */,
				A72C3CA71487C9DA00F6744E /* MainStoryboard_iPad.storyboard in Resources */,
				A776EE7C14908AE20087B8FA /* 72x72.png in Resources */,
				A776EE7E14908AED0087B8FA /* 57x57.png in Resources */,
				A776EE8014908AF30087B8FA /* 114x114.png in Resources */,
				A78B7F13149091B8008303BA /* Default-Landscape~ipad.png in Resources */,
				A78B7F1514909285008303BA /* Default-Portrait~ipad.png in Resources */,
			);
			runOnlyForDeploymentPostprocessing = 0;
		};
/* End PBXResourcesBuildPhase section */

/* Begin PBXSourcesBuildPhase section */
		A7200DCC14718DC0004347C9 /* Sources */ = {
			isa = PBXSourcesBuildPhase;
			buildActionMask = 2147483647;
			files = (
				A7200DE114718DC0004347C9 /* main.m in Sources */,
				A7200DE514718DC0004347C9 /* ZPAppDelegate.m in Sources */,
				A7200DEB14718DC1004347C9 /* ZPLibraryAndCollectionListViewController.m in Sources */,
				A7200DEE14718DC1004347C9 /* ZPDetailedItemListViewController.m in Sources */,
				A7200DF614718F44004347C9 /* ZPDataLayer.m in Sources */,
				A7A7C9B1147A8144004D8756 /* ZPServerConnection.m in Sources */,
				A7A7C9F8147AA2EE004D8756 /* NSMutableURLRequest+Parameters.m in Sources */,
				A7A7C9F9147AA2EE004D8756 /* NSString+URLEncoding.m in Sources */,
				A7A7C9FA147AA2EE004D8756 /* NSURL+Base.m in Sources */,
				A7A7C9FB147AA2EE004D8756 /* Base64Transcoder.c in Sources */,
				A7A7C9FC147AA2EE004D8756 /* hmac.c in Sources */,
				A7A7C9FD147AA2EE004D8756 /* sha1.c in Sources */,
				A7A7C9FE147AA2EE004D8756 /* OAAttachment.m in Sources */,
				A7A7C9FF147AA2EE004D8756 /* OACall.m in Sources */,
				A7A7CA00147AA2EE004D8756 /* OAConsumer.m in Sources */,
				A7A7CA01147AA2EE004D8756 /* OADataFetcher.m in Sources */,
				A7A7CA02147AA2EE004D8756 /* OAHMAC_SHA1SignatureProvider.m in Sources */,
				A7A7CA03147AA2EE004D8756 /* OAMutableURLRequest.m in Sources */,
				A7A7CA04147AA2EE004D8756 /* OAPlaintextSignatureProvider.m in Sources */,
				A7A7CA05147AA2EE004D8756 /* OAProblem.m in Sources */,
				A7A7CA06147AA2EE004D8756 /* OARequestParameter.m in Sources */,
				A7A7CA07147AA2EE004D8756 /* OAServiceTicket.m in Sources */,
				A7A7CA09147AA2EE004D8756 /* OAToken.m in Sources */,
				A7A7CA0A147AA2EE004D8756 /* OATokenManager.m in Sources */,
				A74348D7147AB37A00DA6FC3 /* ZPAuthenticationDialog.m in Sources */,
				A7A3F953147BBCCB00CA7266 /* ZPServerResponseXMLParser.m in Sources */,
				A7692D84147D112D000C1A8F /* ZPZoteroItem.m in Sources */,
				A72853F9147E319700D3FE97 /* ZPZoteroLibrary.m in Sources */,
				A72853FD147E31B600D3FE97 /* ZPZoteroCollection.m in Sources */,
				A7A54B0B14878E4F00EBAD80 /* FMDatabase.m in Sources */,
				A7A54B0C14878E4F00EBAD80 /* FMDatabaseAdditions.m in Sources */,
				A7A54B0D14878E4F00EBAD80 /* FMResultSet.m in Sources */,
				A7A54B1114878EE000EBAD80 /* DSActivityView.m in Sources */,
				A7B5180B14880CE700806EED /* ZPAuthenticationProcess.m in Sources */,
				A79ED823148B2683003EE77C /* ZPItemDetailViewController.m in Sources */,
				A79ED82C148B7405003EE77C /* ZPSimpleItemListViewController.m in Sources */,
				A7CC252F1493E14E00FDEAF4 /* iCarousel.m in Sources */,
				A716C0371494E9DF00BD6025 /* ZPZoteroAttachment.m in Sources */,
				A716C0511495131F00BD6025 /* NSObject+SBJson.m in Sources */,
				A716C0521495131F00BD6025 /* SBJsonParser.m in Sources */,
				A716C0531495131F00BD6025 /* SBJsonStreamParser.m in Sources */,
				A716C0541495131F00BD6025 /* SBJsonStreamParserAccumulator.m in Sources */,
				A716C0551495131F00BD6025 /* SBJsonStreamParserAdapter.m in Sources */,
				A716C0561495131F00BD6025 /* SBJsonStreamParserState.m in Sources */,
				A716C0571495131F00BD6025 /* SBJsonStreamWriter.m in Sources */,
				A716C0581495131F00BD6025 /* SBJsonStreamWriterAccumulator.m in Sources */,
				A716C0591495131F00BD6025 /* SBJsonStreamWriterState.m in Sources */,
				A716C05A1495131F00BD6025 /* SBJsonTokeniser.m in Sources */,
				A716C05B1495131F00BD6025 /* SBJsonUTF8Stream.m in Sources */,
				A716C05C1495131F00BD6025 /* SBJsonWriter.m in Sources */,
				A7025019149B0BB1004F2AAB /* ZPDatabase.m in Sources */,
				A702501D149B33E1004F2AAB /* ZPCacheController.m in Sources */,
				A7025020149C6C3E004F2AAB /* ZPPreferences.m in Sources */,
				A7025072149C8D8F004F2AAB /* ZPServerResponseXMLParserLibrary.m in Sources */,
				A7025075149C8F9A004F2AAB /* ZPServerResponseXMLParserCollection.m in Sources */,
				A7025078149C91A1004F2AAB /* ZPServerResponseXMLParserItem.m in Sources */,
				A79299C3149E0CFE000F8B42 /* ZPZoteroItemContainer.m in Sources */,
			);
			runOnlyForDeploymentPostprocessing = 0;
		};
/* End PBXSourcesBuildPhase section */

/* Begin PBXTargetDependency section */
		3201088596B4756681693701 /* PBXTargetDependency */ = {
			isa = PBXTargetDependency;
			name = Three20UICommon;
			targetProxy = 3201088596B4756681693702 /* PBXContainerItemProxy */;
		};
		320A2827FEC940B25BC42C61 /* PBXTargetDependency */ = {
			isa = PBXTargetDependency;
			name = Three20Core;
			targetProxy = 320A2827FEC940B25BC42C62 /* PBXContainerItemProxy */;
		};
		320A5A189C235877202780D1 /* PBXTargetDependency */ = {
			isa = PBXTargetDependency;
			name = Three20Network;
			targetProxy = 320A5A189C235877202780D2 /* PBXContainerItemProxy */;
		};
		320A737074758E53BA54BE91 /* PBXTargetDependency */ = {
			isa = PBXTargetDependency;
			name = Three20UINavigator;
			targetProxy = 320A737074758E53BA54BE92 /* PBXContainerItemProxy */;
		};
		320CC833B8AF0ACFD35E6221 /* PBXTargetDependency */ = {
			isa = PBXTargetDependency;
			name = Three20Style;
			targetProxy = 320CC833B8AF0ACFD35E6222 /* PBXContainerItemProxy */;
		};
		320D7DCCE32703ACAB9A45E1 /* PBXTargetDependency */ = {
			isa = PBXTargetDependency;
			name = Three20;
			targetProxy = 320D7DCCE32703ACAB9A45E2 /* PBXContainerItemProxy */;
		};
		320F2C48872C2E2C4DF86201 /* PBXTargetDependency */ = {
			isa = PBXTargetDependency;
			name = Three20UI;
			targetProxy = 320F2C48872C2E2C4DF86202 /* PBXContainerItemProxy */;
		};
/* End PBXTargetDependency section */

/* Begin PBXVariantGroup section */
		A7200DDD14718DC0004347C9 /* InfoPlist.strings */ = {
			isa = PBXVariantGroup;
			children = (
				A7200DDE14718DC0004347C9 /* en */,
			);
			name = InfoPlist.strings;
			sourceTree = "<group>";
		};
/* End PBXVariantGroup section */

/* Begin XCBuildConfiguration section */
		A7200DEF14718DC1004347C9 /* Debug */ = {
			isa = XCBuildConfiguration;
			buildSettings = {
				ALWAYS_SEARCH_USER_PATHS = NO;
				ARCHS = "$(ARCHS_STANDARD_32_BIT)";
				CLANG_ENABLE_OBJC_ARC = YES;
				"CODE_SIGN_IDENTITY[sdk=iphoneos*]" = "iPhone Developer";
				COPY_PHASE_STRIP = NO;
				GCC_C_LANGUAGE_STANDARD = gnu99;
				GCC_DYNAMIC_NO_PIC = NO;
				GCC_OPTIMIZATION_LEVEL = 0;
				GCC_PREPROCESSOR_DEFINITIONS = (
					"DEBUG=1",
					"$(inherited)",
				);
				GCC_SYMBOLS_PRIVATE_EXTERN = NO;
				GCC_VERSION = com.apple.compilers.llvm.clang.1_0;
				GCC_WARN_ABOUT_MISSING_PROTOTYPES = YES;
				GCC_WARN_ABOUT_RETURN_TYPE = YES;
				GCC_WARN_UNUSED_VARIABLE = YES;
				HEADER_SEARCH_PATHS = (
					Three20/Build/Products/three20,
					"$(BUILT_PRODUCTS_DIR)/../three20",
					"$(BUILT_PRODUCTS_DIR)/Three20",
					Three20/Build/Products/three20,
				);
				IPHONEOS_DEPLOYMENT_TARGET = 5.0;
				OTHER_LDFLAGS = "-ObjC";
				SDKROOT = iphoneos;
				TARGETED_DEVICE_FAMILY = 2;
				VALIDATE_PRODUCT = NO;
			};
			name = Debug;
		};
		A7200DF014718DC1004347C9 /* Release */ = {
			isa = XCBuildConfiguration;
			buildSettings = {
				ALWAYS_SEARCH_USER_PATHS = NO;
				ARCHS = "$(ARCHS_STANDARD_32_BIT)";
				CLANG_ENABLE_OBJC_ARC = YES;
				"CODE_SIGN_IDENTITY[sdk=iphoneos*]" = "iPhone Developer";
				COPY_PHASE_STRIP = YES;
				GCC_C_LANGUAGE_STANDARD = gnu99;
				GCC_VERSION = com.apple.compilers.llvm.clang.1_0;
				GCC_WARN_ABOUT_MISSING_PROTOTYPES = YES;
				GCC_WARN_ABOUT_RETURN_TYPE = YES;
				GCC_WARN_UNUSED_VARIABLE = YES;
				HEADER_SEARCH_PATHS = (
					Three20/Build/Products/three20,
					"$(BUILT_PRODUCTS_DIR)/../three20",
					"$(BUILT_PRODUCTS_DIR)/Three20",
					Three20/Build/Products/three20,
				);
				IPHONEOS_DEPLOYMENT_TARGET = 5.0;
				OTHER_CFLAGS = "-DNS_BLOCK_ASSERTIONS=1";
				OTHER_LDFLAGS = "-ObjC";
				SDKROOT = iphoneos;
				TARGETED_DEVICE_FAMILY = 2;
				VALIDATE_PRODUCT = YES;
			};
			name = Release;
		};
		A7200DF214718DC1004347C9 /* Debug */ = {
			isa = XCBuildConfiguration;
			buildSettings = {
				CODE_SIGN_IDENTITY = "iPhone Developer";
				FRAMEWORK_SEARCH_PATHS = (
					"$(inherited)",
					"\"$(DEVELOPER_FRAMEWORKS_DIR)\"",
				);
				GCC_PRECOMPILE_PREFIX_HEADER = YES;
				GCC_PREFIX_HEADER = "ZotPad/ZotPad-Prefix.pch";
				INFOPLIST_FILE = "ZotPad/ZotPad-Info.plist";
				LIBRARY_SEARCH_PATHS = (
					"$(inherited)",
					"\"$(SRCROOT)\"",
				);
				PRODUCT_NAME = "$(TARGET_NAME)";
				PROVISIONING_PROFILE = "";
				TARGETED_DEVICE_FAMILY = "1,2";
				WRAPPER_EXTENSION = app;
			};
			name = Debug;
		};
		A7200DF314718DC1004347C9 /* Release */ = {
			isa = XCBuildConfiguration;
			buildSettings = {
				CODE_SIGN_IDENTITY = "iPhone Developer";
				FRAMEWORK_SEARCH_PATHS = (
					"$(inherited)",
					"\"$(DEVELOPER_FRAMEWORKS_DIR)\"",
				);
				GCC_PRECOMPILE_PREFIX_HEADER = YES;
				GCC_PREFIX_HEADER = "ZotPad/ZotPad-Prefix.pch";
				INFOPLIST_FILE = "ZotPad/ZotPad-Info.plist";
				LIBRARY_SEARCH_PATHS = (
					"$(inherited)",
					"\"$(SRCROOT)\"",
				);
				PRODUCT_NAME = "$(TARGET_NAME)";
				PROVISIONING_PROFILE = "";
				TARGETED_DEVICE_FAMILY = "1,2";
				WRAPPER_EXTENSION = app;
			};
			name = Release;
		};
/* End XCBuildConfiguration section */

/* Begin XCConfigurationList section */
		A7200DCA14718DBF004347C9 /* Build configuration list for PBXProject "ZotPad" */ = {
			isa = XCConfigurationList;
			buildConfigurations = (
				A7200DEF14718DC1004347C9 /* Debug */,
				A7200DF014718DC1004347C9 /* Release */,
			);
			defaultConfigurationIsVisible = 0;
			defaultConfigurationName = Release;
		};
		A7200DF114718DC1004347C9 /* Build configuration list for PBXNativeTarget "ZotPad" */ = {
			isa = XCConfigurationList;
			buildConfigurations = (
				A7200DF214718DC1004347C9 /* Debug */,
				A7200DF314718DC1004347C9 /* Release */,
			);
			defaultConfigurationIsVisible = 0;
			defaultConfigurationName = Release;
		};
/* End XCConfigurationList section */
	};
	rootObject = A7200DC714718DBF004347C9 /* Project object */;
}
